
Microsoft Visual Studio Solution File, Format Version 12.00
# Visual Studio Version 17
VisualStudioVersion = 17.0.31903.59
MinimumVisualStudioVersion = 10.0.40219.1
Project("{FAE04EC0-301F-11D3-BF4B-00C04F79EFBC}") = "MyProject", "MyProject\MyProject.csproj", "{1552F40F-5076-4BB2-9014-428549C210F7}"
EndProject
Project("{FAE04EC0-301F-11D3-BF4B-00C04F79EFBC}") = "NullableTypes", "NullableTypes\NullableTypes.csproj", "{015B93A4-3EDF-4148-822D-C753CACA204B}"
EndProject
Project("{FAE04EC0-301F-11D3-BF4B-00C04F79EFBC}") = "ConversaoDeTipos", "ConversaoDeTipos\ConversaoDeTipos.csproj", "{8FFE8DFE-E8C0-4B3A-A785-00094E2E8446}"
EndProject
Project("{FAE04EC0-301F-11D3-BF4B-00C04F79EFBC}") = "EntradaDeDados", "EntradaDeDados\EntradaDeDados.csproj", "{B0AE378A-D91C-4D93-B6A7-331676682269}"
EndProject
Project("{FAE04EC0-301F-11D3-BF4B-00C04F79EFBC}") = "OperadoresAritmeticos", "OperadoresAritmeticos\OperadoresAritmeticos.csproj", "{677B1B89-AAE5-463D-BE91-19EE3D8A1488}"
EndProject
Project("{FAE04EC0-301F-11D3-BF4B-00C04F79EFBC}") = "Constantes", "Constantes\Constantes.csproj", "{85A470AE-C11A-4434-BBB1-D77A147CCE9F}"
EndProject
Project("{FAE04EC0-301F-11D3-BF4B-00C04F79EFBC}") = "OperadoresDeIncremento", "OperadoresDeIncremento\OperadoresDeIncremento.csproj", "{3EFFA2D9-41D2-43E7-AA54-6C353A306646}"
EndProject
Project("{FAE04EC0-301F-11D3-BF4B-00C04F79EFBC}") = "EstruturasDeControle", "EstruturasDeControle\EstruturasDeControle.csproj", "{EFA9011C-DEE2-4C19-9768-6A15DF577343}"
EndProject
Project("{FAE04EC0-301F-11D3-BF4B-00C04F79EFBC}") = "ClasseEObjeto", "ClasseEObjeto\ClasseEObjeto.csproj", "{EBBAF4B8-7EFF-4496-BDE6-D85BF1CAF250}"
EndProject
Project("{FAE04EC0-301F-11D3-BF4B-00C04F79EFBC}") = "CadastroDeClientes", "CadastroDeClientes\CadastroDeClientes.csproj", "{DB045075-5948-4C3D-8527-8D57F6AF1087}"
EndProject
Project("{FAE04EC0-301F-11D3-BF4B-00C04F79EFBC}") = "ExerciciosPraticos", "ExerciciosPraticos\ExerciciosPraticos.csproj", "{511A1A2D-88A2-47C4-820F-1B82FA4548AF}"
EndProject
Project("{FAE04EC0-301F-11D3-BF4B-00C04F79EFBC}") = "Exercicios1", "Exercicios1\Exercicios1.csproj", "{3AA36A5F-B18F-45ED-8C33-1DCB97FF5817}"
EndProject
Project("{2150E333-8FDC-42A3-9474-1A3956D46DE8}") = "Exercicios", "Exercicios", "{BAC9D906-05E2-9CB0-68A0-DE46599E1ECB}"
EndProject
Project("{FAE04EC0-301F-11D3-BF4B-00C04F79EFBC}") = "Exercicio2", "Exercicios\Exercicio2\Exercicio2.csproj", "{8A630252-2312-450F-9FDB-2D2D6A2FC033}"
EndProject
Project("{2150E333-8FDC-42A3-9474-1A3956D46DE8}") = "MyProjects", "MyProjects", "{4E7E3CAD-5BB8-876D-597B-72A4952DFB29}"
EndProject
Project("{FAE04EC0-301F-11D3-BF4B-00C04F79EFBC}") = "CadastroDeClientes1", "MyProjects\CadastroDeClientes1\CadastroDeClientes1.csproj", "{B163E045-1E56-44F5-8BF8-CE0B2450667A}"
EndProject
Project("{FAE04EC0-301F-11D3-BF4B-00C04F79EFBC}") = "exercicio-0011", "Exercicios\exercicio-0011\exercicio-0011.csproj", "{92FDAF53-3A42-4E85-8B7E-4D461647EC81}"
EndProject
Project("{FAE04EC0-301F-11D3-BF4B-00C04F79EFBC}") = "exercicio-001", "Exercicios\exercicio-001\exercicio-001.csproj", "{BEAC7CB5-C5A8-4B40-B106-3E4DE8153A53}"
EndProject
Global
	GlobalSection(SolutionConfigurationPlatforms) = preSolution
		Debug|Any CPU = Debug|Any CPU
		Debug|x64 = Debug|x64
		Debug|x86 = Debug|x86
		Release|Any CPU = Release|Any CPU
		Release|x64 = Release|x64
		Release|x86 = Release|x86
	EndGlobalSection
	GlobalSection(ProjectConfigurationPlatforms) = postSolution
		{1552F40F-5076-4BB2-9014-428549C210F7}.Debug|Any CPU.ActiveCfg = Debug|Any CPU
		{1552F40F-5076-4BB2-9014-428549C210F7}.Debug|Any CPU.Build.0 = Debug|Any CPU
		{1552F40F-5076-4BB2-9014-428549C210F7}.Debug|x64.ActiveCfg = Debug|Any CPU
		{1552F40F-5076-4BB2-9014-428549C210F7}.Debug|x64.Build.0 = Debug|Any CPU
		{1552F40F-5076-4BB2-9014-428549C210F7}.Debug|x86.ActiveCfg = Debug|Any CPU
		{1552F40F-5076-4BB2-9014-428549C210F7}.Debug|x86.Build.0 = Debug|Any CPU
		{1552F40F-5076-4BB2-9014-428549C210F7}.Release|Any CPU.ActiveCfg = Release|Any CPU
		{1552F40F-5076-4BB2-9014-428549C210F7}.Release|Any CPU.Build.0 = Release|Any CPU
		{1552F40F-5076-4BB2-9014-428549C210F7}.Release|x64.ActiveCfg = Release|Any CPU
		{1552F40F-5076-4BB2-9014-428549C210F7}.Release|x64.Build.0 = Release|Any CPU
		{1552F40F-5076-4BB2-9014-428549C210F7}.Release|x86.ActiveCfg = Release|Any CPU
		{1552F40F-5076-4BB2-9014-428549C210F7}.Release|x86.Build.0 = Release|Any CPU
		{015B93A4-3EDF-4148-822D-C753CACA204B}.Debug|Any CPU.ActiveCfg = Debug|Any CPU
		{015B93A4-3EDF-4148-822D-C753CACA204B}.Debug|Any CPU.Build.0 = Debug|Any CPU
		{015B93A4-3EDF-4148-822D-C753CACA204B}.Debug|x64.ActiveCfg = Debug|Any CPU
		{015B93A4-3EDF-4148-822D-C753CACA204B}.Debug|x64.Build.0 = Debug|Any CPU
		{015B93A4-3EDF-4148-822D-C753CACA204B}.Debug|x86.ActiveCfg = Debug|Any CPU
		{015B93A4-3EDF-4148-822D-C753CACA204B}.Debug|x86.Build.0 = Debug|Any CPU
		{015B93A4-3EDF-4148-822D-C753CACA204B}.Release|Any CPU.ActiveCfg = Release|Any CPU
		{015B93A4-3EDF-4148-822D-C753CACA204B}.Release|Any CPU.Build.0 = Release|Any CPU
		{015B93A4-3EDF-4148-822D-C753CACA204B}.Release|x64.ActiveCfg = Release|Any CPU
		{015B93A4-3EDF-4148-822D-C753CACA204B}.Release|x64.Build.0 = Release|Any CPU
		{015B93A4-3EDF-4148-822D-C753CACA204B}.Release|x86.ActiveCfg = Release|Any CPU
		{015B93A4-3EDF-4148-822D-C753CACA204B}.Release|x86.Build.0 = Release|Any CPU
		{8FFE8DFE-E8C0-4B3A-A785-00094E2E8446}.Debug|Any CPU.ActiveCfg = Debug|Any CPU
		{8FFE8DFE-E8C0-4B3A-A785-00094E2E8446}.Debug|Any CPU.Build.0 = Debug|Any CPU
		{8FFE8DFE-E8C0-4B3A-A785-00094E2E8446}.Debug|x64.ActiveCfg = Debug|Any CPU
		{8FFE8DFE-E8C0-4B3A-A785-00094E2E8446}.Debug|x64.Build.0 = Debug|Any CPU
		{8FFE8DFE-E8C0-4B3A-A785-00094E2E8446}.Debug|x86.ActiveCfg = Debug|Any CPU
		{8FFE8DFE-E8C0-4B3A-A785-00094E2E8446}.Debug|x86.Build.0 = Debug|Any CPU
		{8FFE8DFE-E8C0-4B3A-A785-00094E2E8446}.Release|Any CPU.ActiveCfg = Release|Any CPU
		{8FFE8DFE-E8C0-4B3A-A785-00094E2E8446}.Release|Any CPU.Build.0 = Release|Any CPU
		{8FFE8DFE-E8C0-4B3A-A785-00094E2E8446}.Release|x64.ActiveCfg = Release|Any CPU
		{8FFE8DFE-E8C0-4B3A-A785-00094E2E8446}.Release|x64.Build.0 = Release|Any CPU
		{8FFE8DFE-E8C0-4B3A-A785-00094E2E8446}.Release|x86.ActiveCfg = Release|Any CPU
		{8FFE8DFE-E8C0-4B3A-A785-00094E2E8446}.Release|x86.Build.0 = Release|Any CPU
		{B0AE378A-D91C-4D93-B6A7-331676682269}.Debug|Any CPU.ActiveCfg = Debug|Any CPU
		{B0AE378A-D91C-4D93-B6A7-331676682269}.Debug|Any CPU.Build.0 = Debug|Any CPU
		{B0AE378A-D91C-4D93-B6A7-331676682269}.Debug|x64.ActiveCfg = Debug|Any CPU
		{B0AE378A-D91C-4D93-B6A7-331676682269}.Debug|x64.Build.0 = Debug|Any CPU
		{B0AE378A-D91C-4D93-B6A7-331676682269}.Debug|x86.ActiveCfg = Debug|Any CPU
		{B0AE378A-D91C-4D93-B6A7-331676682269}.Debug|x86.Build.0 = Debug|Any CPU
		{B0AE378A-D91C-4D93-B6A7-331676682269}.Release|Any CPU.ActiveCfg = Release|Any CPU
		{B0AE378A-D91C-4D93-B6A7-331676682269}.Release|Any CPU.Build.0 = Release|Any CPU
		{B0AE378A-D91C-4D93-B6A7-331676682269}.Release|x64.ActiveCfg = Release|Any CPU
		{B0AE378A-D91C-4D93-B6A7-331676682269}.Release|x64.Build.0 = Release|Any CPU
		{B0AE378A-D91C-4D93-B6A7-331676682269}.Release|x86.ActiveCfg = Release|Any CPU
		{B0AE378A-D91C-4D93-B6A7-331676682269}.Release|x86.Build.0 = Release|Any CPU
		{677B1B89-AAE5-463D-BE91-19EE3D8A1488}.Debug|Any CPU.ActiveCfg = Debug|Any CPU
		{677B1B89-AAE5-463D-BE91-19EE3D8A1488}.Debug|Any CPU.Build.0 = Debug|Any CPU
		{677B1B89-AAE5-463D-BE91-19EE3D8A1488}.Debug|x64.ActiveCfg = Debug|Any CPU
		{677B1B89-AAE5-463D-BE91-19EE3D8A1488}.Debug|x64.Build.0 = Debug|Any CPU
		{677B1B89-AAE5-463D-BE91-19EE3D8A1488}.Debug|x86.ActiveCfg = Debug|Any CPU
		{677B1B89-AAE5-463D-BE91-19EE3D8A1488}.Debug|x86.Build.0 = Debug|Any CPU
		{677B1B89-AAE5-463D-BE91-19EE3D8A1488}.Release|Any CPU.ActiveCfg = Release|Any CPU
		{677B1B89-AAE5-463D-BE91-19EE3D8A1488}.Release|Any CPU.Build.0 = Release|Any CPU
		{677B1B89-AAE5-463D-BE91-19EE3D8A1488}.Release|x64.ActiveCfg = Release|Any CPU
		{677B1B89-AAE5-463D-BE91-19EE3D8A1488}.Release|x64.Build.0 = Release|Any CPU
		{677B1B89-AAE5-463D-BE91-19EE3D8A1488}.Release|x86.ActiveCfg = Release|Any CPU
		{677B1B89-AAE5-463D-BE91-19EE3D8A1488}.Release|x86.Build.0 = Release|Any CPU
		{85A470AE-C11A-4434-BBB1-D77A147CCE9F}.Debug|Any CPU.ActiveCfg = Debug|Any CPU
		{85A470AE-C11A-4434-BBB1-D77A147CCE9F}.Debug|Any CPU.Build.0 = Debug|Any CPU
		{85A470AE-C11A-4434-BBB1-D77A147CCE9F}.Debug|x64.ActiveCfg = Debug|Any CPU
		{85A470AE-C11A-4434-BBB1-D77A147CCE9F}.Debug|x64.Build.0 = Debug|Any CPU
		{85A470AE-C11A-4434-BBB1-D77A147CCE9F}.Debug|x86.ActiveCfg = Debug|Any CPU
		{85A470AE-C11A-4434-BBB1-D77A147CCE9F}.Debug|x86.Build.0 = Debug|Any CPU
		{85A470AE-C11A-4434-BBB1-D77A147CCE9F}.Release|Any CPU.ActiveCfg = Release|Any CPU
		{85A470AE-C11A-4434-BBB1-D77A147CCE9F}.Release|Any CPU.Build.0 = Release|Any CPU
		{85A470AE-C11A-4434-BBB1-D77A147CCE9F}.Release|x64.ActiveCfg = Release|Any CPU
		{85A470AE-C11A-4434-BBB1-D77A147CCE9F}.Release|x64.Build.0 = Release|Any CPU
		{85A470AE-C11A-4434-BBB1-D77A147CCE9F}.Release|x86.ActiveCfg = Release|Any CPU
		{85A470AE-C11A-4434-BBB1-D77A147CCE9F}.Release|x86.Build.0 = Release|Any CPU
		{3EFFA2D9-41D2-43E7-AA54-6C353A306646}.Debug|Any CPU.ActiveCfg = Debug|Any CPU
		{3EFFA2D9-41D2-43E7-AA54-6C353A306646}.Debug|Any CPU.Build.0 = Debug|Any CPU
		{3EFFA2D9-41D2-43E7-AA54-6C353A306646}.Debug|x64.ActiveCfg = Debug|Any CPU
		{3EFFA2D9-41D2-43E7-AA54-6C353A306646}.Debug|x64.Build.0 = Debug|Any CPU
		{3EFFA2D9-41D2-43E7-AA54-6C353A306646}.Debug|x86.ActiveCfg = Debug|Any CPU
		{3EFFA2D9-41D2-43E7-AA54-6C353A306646}.Debug|x86.Build.0 = Debug|Any CPU
		{3EFFA2D9-41D2-43E7-AA54-6C353A306646}.Release|Any CPU.ActiveCfg = Release|Any CPU
		{3EFFA2D9-41D2-43E7-AA54-6C353A306646}.Release|Any CPU.Build.0 = Release|Any CPU
		{3EFFA2D9-41D2-43E7-AA54-6C353A306646}.Release|x64.ActiveCfg = Release|Any CPU
		{3EFFA2D9-41D2-43E7-AA54-6C353A306646}.Release|x64.Build.0 = Release|Any CPU
		{3EFFA2D9-41D2-43E7-AA54-6C353A306646}.Release|x86.ActiveCfg = Release|Any CPU
		{3EFFA2D9-41D2-43E7-AA54-6C353A306646}.Release|x86.Build.0 = Release|Any CPU
		{EFA9011C-DEE2-4C19-9768-6A15DF577343}.Debug|Any CPU.ActiveCfg = Debug|Any CPU
		{EFA9011C-DEE2-4C19-9768-6A15DF577343}.Debug|Any CPU.Build.0 = Debug|Any CPU
		{EFA9011C-DEE2-4C19-9768-6A15DF577343}.Debug|x64.ActiveCfg = Debug|Any CPU
		{EFA9011C-DEE2-4C19-9768-6A15DF577343}.Debug|x64.Build.0 = Debug|Any CPU
		{EFA9011C-DEE2-4C19-9768-6A15DF577343}.Debug|x86.ActiveCfg = Debug|Any CPU
		{EFA9011C-DEE2-4C19-9768-6A15DF577343}.Debug|x86.Build.0 = Debug|Any CPU
		{EFA9011C-DEE2-4C19-9768-6A15DF577343}.Release|Any CPU.ActiveCfg = Release|Any CPU
		{EFA9011C-DEE2-4C19-9768-6A15DF577343}.Release|Any CPU.Build.0 = Release|Any CPU
		{EFA9011C-DEE2-4C19-9768-6A15DF577343}.Release|x64.ActiveCfg = Release|Any CPU
		{EFA9011C-DEE2-4C19-9768-6A15DF577343}.Release|x64.Build.0 = Release|Any CPU
		{EFA9011C-DEE2-4C19-9768-6A15DF577343}.Release|x86.ActiveCfg = Release|Any CPU
		{EFA9011C-DEE2-4C19-9768-6A15DF577343}.Release|x86.Build.0 = Release|Any CPU
		{EBBAF4B8-7EFF-4496-BDE6-D85BF1CAF250}.Debug|Any CPU.ActiveCfg = Debug|Any CPU
		{EBBAF4B8-7EFF-4496-BDE6-D85BF1CAF250}.Debug|Any CPU.Build.0 = Debug|Any CPU
		{EBBAF4B8-7EFF-4496-BDE6-D85BF1CAF250}.Debug|x64.ActiveCfg = Debug|Any CPU
		{EBBAF4B8-7EFF-4496-BDE6-D85BF1CAF250}.Debug|x64.Build.0 = Debug|Any CPU
		{EBBAF4B8-7EFF-4496-BDE6-D85BF1CAF250}.Debug|x86.ActiveCfg = Debug|Any CPU
		{EBBAF4B8-7EFF-4496-BDE6-D85BF1CAF250}.Debug|x86.Build.0 = Debug|Any CPU
		{EBBAF4B8-7EFF-4496-BDE6-D85BF1CAF250}.Release|Any CPU.ActiveCfg = Release|Any CPU
		{EBBAF4B8-7EFF-4496-BDE6-D85BF1CAF250}.Release|Any CPU.Build.0 = Release|Any CPU
		{EBBAF4B8-7EFF-4496-BDE6-D85BF1CAF250}.Release|x64.ActiveCfg = Release|Any CPU
		{EBBAF4B8-7EFF-4496-BDE6-D85BF1CAF250}.Release|x64.Build.0 = Release|Any CPU
		{EBBAF4B8-7EFF-4496-BDE6-D85BF1CAF250}.Release|x86.ActiveCfg = Release|Any CPU
		{EBBAF4B8-7EFF-4496-BDE6-D85BF1CAF250}.Release|x86.Build.0 = Release|Any CPU
		{DB045075-5948-4C3D-8527-8D57F6AF1087}.Debug|Any CPU.ActiveCfg = Debug|Any CPU
		{DB045075-5948-4C3D-8527-8D57F6AF1087}.Debug|Any CPU.Build.0 = Debug|Any CPU
		{DB045075-5948-4C3D-8527-8D57F6AF1087}.Debug|x64.ActiveCfg = Debug|Any CPU
		{DB045075-5948-4C3D-8527-8D57F6AF1087}.Debug|x64.Build.0 = Debug|Any CPU
		{DB045075-5948-4C3D-8527-8D57F6AF1087}.Debug|x86.ActiveCfg = Debug|Any CPU
		{DB045075-5948-4C3D-8527-8D57F6AF1087}.Debug|x86.Build.0 = Debug|Any CPU
		{DB045075-5948-4C3D-8527-8D57F6AF1087}.Release|Any CPU.ActiveCfg = Release|Any CPU
		{DB045075-5948-4C3D-8527-8D57F6AF1087}.Release|Any CPU.Build.0 = Release|Any CPU
		{DB045075-5948-4C3D-8527-8D57F6AF1087}.Release|x64.ActiveCfg = Release|Any CPU
		{DB045075-5948-4C3D-8527-8D57F6AF1087}.Release|x64.Build.0 = Release|Any CPU
		{DB045075-5948-4C3D-8527-8D57F6AF1087}.Release|x86.ActiveCfg = Release|Any CPU
		{DB045075-5948-4C3D-8527-8D57F6AF1087}.Release|x86.Build.0 = Release|Any CPU
		{511A1A2D-88A2-47C4-820F-1B82FA4548AF}.Debug|Any CPU.ActiveCfg = Debug|Any CPU
		{511A1A2D-88A2-47C4-820F-1B82FA4548AF}.Debug|Any CPU.Build.0 = Debug|Any CPU
		{511A1A2D-88A2-47C4-820F-1B82FA4548AF}.Debug|x64.ActiveCfg = Debug|Any CPU
		{511A1A2D-88A2-47C4-820F-1B82FA4548AF}.Debug|x64.Build.0 = Debug|Any CPU
		{511A1A2D-88A2-47C4-820F-1B82FA4548AF}.Debug|x86.ActiveCfg = Debug|Any CPU
		{511A1A2D-88A2-47C4-820F-1B82FA4548AF}.Debug|x86.Build.0 = Debug|Any CPU
		{511A1A2D-88A2-47C4-820F-1B82FA4548AF}.Release|Any CPU.ActiveCfg = Release|Any CPU
		{511A1A2D-88A2-47C4-820F-1B82FA4548AF}.Release|Any CPU.Build.0 = Release|Any CPU
		{511A1A2D-88A2-47C4-820F-1B82FA4548AF}.Release|x64.ActiveCfg = Release|Any CPU
		{511A1A2D-88A2-47C4-820F-1B82FA4548AF}.Release|x64.Build.0 = Release|Any CPU
		{511A1A2D-88A2-47C4-820F-1B82FA4548AF}.Release|x86.ActiveCfg = Release|Any CPU
		{511A1A2D-88A2-47C4-820F-1B82FA4548AF}.Release|x86.Build.0 = Release|Any CPU
		{3AA36A5F-B18F-45ED-8C33-1DCB97FF5817}.Debug|Any CPU.ActiveCfg = Debug|Any CPU
		{3AA36A5F-B18F-45ED-8C33-1DCB97FF5817}.Debug|Any CPU.Build.0 = Debug|Any CPU
		{3AA36A5F-B18F-45ED-8C33-1DCB97FF5817}.Debug|x64.ActiveCfg = Debug|Any CPU
		{3AA36A5F-B18F-45ED-8C33-1DCB97FF5817}.Debug|x64.Build.0 = Debug|Any CPU
		{3AA36A5F-B18F-45ED-8C33-1DCB97FF5817}.Debug|x86.ActiveCfg = Debug|Any CPU
		{3AA36A5F-B18F-45ED-8C33-1DCB97FF5817}.Debug|x86.Build.0 = Debug|Any CPU
		{3AA36A5F-B18F-45ED-8C33-1DCB97FF5817}.Release|Any CPU.ActiveCfg = Release|Any CPU
		{3AA36A5F-B18F-45ED-8C33-1DCB97FF5817}.Release|Any CPU.Build.0 = Release|Any CPU
		{3AA36A5F-B18F-45ED-8C33-1DCB97FF5817}.Release|x64.ActiveCfg = Release|Any CPU
		{3AA36A5F-B18F-45ED-8C33-1DCB97FF5817}.Release|x64.Build.0 = Release|Any CPU
		{3AA36A5F-B18F-45ED-8C33-1DCB97FF5817}.Release|x86.ActiveCfg = Release|Any CPU
		{3AA36A5F-B18F-45ED-8C33-1DCB97FF5817}.Release|x86.Build.0 = Release|Any CPU
		{8A630252-2312-450F-9FDB-2D2D6A2FC033}.Debug|Any CPU.ActiveCfg = Debug|Any CPU
		{8A630252-2312-450F-9FDB-2D2D6A2FC033}.Debug|Any CPU.Build.0 = Debug|Any CPU
		{8A630252-2312-450F-9FDB-2D2D6A2FC033}.Debug|x64.ActiveCfg = Debug|Any CPU
		{8A630252-2312-450F-9FDB-2D2D6A2FC033}.Debug|x64.Build.0 = Debug|Any CPU
		{8A630252-2312-450F-9FDB-2D2D6A2FC033}.Debug|x86.ActiveCfg = Debug|Any CPU
		{8A630252-2312-450F-9FDB-2D2D6A2FC033}.Debug|x86.Build.0 = Debug|Any CPU
		{8A630252-2312-450F-9FDB-2D2D6A2FC033}.Release|Any CPU.ActiveCfg = Release|Any CPU
		{8A630252-2312-450F-9FDB-2D2D6A2FC033}.Release|Any CPU.Build.0 = Release|Any CPU
		{8A630252-2312-450F-9FDB-2D2D6A2FC033}.Release|x64.ActiveCfg = Release|Any CPU
		{8A630252-2312-450F-9FDB-2D2D6A2FC033}.Release|x64.Build.0 = Release|Any CPU
		{8A630252-2312-450F-9FDB-2D2D6A2FC033}.Release|x86.ActiveCfg = Release|Any CPU
		{8A630252-2312-450F-9FDB-2D2D6A2FC033}.Release|x86.Build.0 = Release|Any CPU
		{B163E045-1E56-44F5-8BF8-CE0B2450667A}.Debug|Any CPU.ActiveCfg = Debug|Any CPU
		{B163E045-1E56-44F5-8BF8-CE0B2450667A}.Debug|Any CPU.Build.0 = Debug|Any CPU
		{B163E045-1E56-44F5-8BF8-CE0B2450667A}.Debug|x64.ActiveCfg = Debug|Any CPU
		{B163E045-1E56-44F5-8BF8-CE0B2450667A}.Debug|x64.Build.0 = Debug|Any CPU
		{B163E045-1E56-44F5-8BF8-CE0B2450667A}.Debug|x86.ActiveCfg = Debug|Any CPU
		{B163E045-1E56-44F5-8BF8-CE0B2450667A}.Debug|x86.Build.0 = Debug|Any CPU
		{B163E045-1E56-44F5-8BF8-CE0B2450667A}.Release|Any CPU.ActiveCfg = Release|Any CPU
		{B163E045-1E56-44F5-8BF8-CE0B2450667A}.Release|Any CPU.Build.0 = Release|Any CPU
		{B163E045-1E56-44F5-8BF8-CE0B2450667A}.Release|x64.ActiveCfg = Release|Any CPU
		{B163E045-1E56-44F5-8BF8-CE0B2450667A}.Release|x64.Build.0 = Release|Any CPU
		{B163E045-1E56-44F5-8BF8-CE0B2450667A}.Release|x86.ActiveCfg = Release|Any CPU
		{B163E045-1E56-44F5-8BF8-CE0B2450667A}.Release|x86.Build.0 = Release|Any CPU
		{92FDAF53-3A42-4E85-8B7E-4D461647EC81}.Debug|Any CPU.ActiveCfg = Debug|Any CPU
		{92FDAF53-3A42-4E85-8B7E-4D461647EC81}.Debug|Any CPU.Build.0 = Debug|Any CPU
		{92FDAF53-3A42-4E85-8B7E-4D461647EC81}.Debug|x64.ActiveCfg = Debug|Any CPU
		{92FDAF53-3A42-4E85-8B7E-4D461647EC81}.Debug|x64.Build.0 = Debug|Any CPU
		{92FDAF53-3A42-4E85-8B7E-4D461647EC81}.Debug|x86.ActiveCfg = Debug|Any CPU
		{92FDAF53-3A42-4E85-8B7E-4D461647EC81}.Debug|x86.Build.0 = Debug|Any CPU
		{92FDAF53-3A42-4E85-8B7E-4D461647EC81}.Release|Any CPU.ActiveCfg = Release|Any CPU
		{92FDAF53-3A42-4E85-8B7E-4D461647EC81}.Release|Any CPU.Build.0 = Release|Any CPU
		{92FDAF53-3A42-4E85-8B7E-4D461647EC81}.Release|x64.ActiveCfg = Release|Any CPU
		{92FDAF53-3A42-4E85-8B7E-4D461647EC81}.Release|x64.Build.0 = Release|Any CPU
		{92FDAF53-3A42-4E85-8B7E-4D461647EC81}.Release|x86.ActiveCfg = Release|Any CPU
		{92FDAF53-3A42-4E85-8B7E-4D461647EC81}.Release|x86.Build.0 = Release|Any CPU
		{BEAC7CB5-C5A8-4B40-B106-3E4DE8153A53}.Debug|Any CPU.ActiveCfg = Debug|Any CPU
		{BEAC7CB5-C5A8-4B40-B106-3E4DE8153A53}.Debug|Any CPU.Build.0 = Debug|Any CPU
		{BEAC7CB5-C5A8-4B40-B106-3E4DE8153A53}.Debug|x64.ActiveCfg = Debug|Any CPU
		{BEAC7CB5-C5A8-4B40-B106-3E4DE8153A53}.Debug|x64.Build.0 = Debug|Any CPU
		{BEAC7CB5-C5A8-4B40-B106-3E4DE8153A53}.Debug|x86.ActiveCfg = Debug|Any CPU
		{BEAC7CB5-C5A8-4B40-B106-3E4DE8153A53}.Debug|x86.Build.0 = Debug|Any CPU
		{BEAC7CB5-C5A8-4B40-B106-3E4DE8153A53}.Release|Any CPU.ActiveCfg = Release|Any CPU
		{BEAC7CB5-C5A8-4B40-B106-3E4DE8153A53}.Release|Any CPU.Build.0 = Release|Any CPU
		{BEAC7CB5-C5A8-4B40-B106-3E4DE8153A53}.Release|x64.ActiveCfg = Release|Any CPU
		{BEAC7CB5-C5A8-4B40-B106-3E4DE8153A53}.Release|x64.Build.0 = Release|Any CPU
		{BEAC7CB5-C5A8-4B40-B106-3E4DE8153A53}.Release|x86.ActiveCfg = Release|Any CPU
		{BEAC7CB5-C5A8-4B40-B106-3E4DE8153A53}.Release|x86.Build.0 = Release|Any CPU
	EndGlobalSection
	GlobalSection(SolutionProperties) = preSolution
		HideSolutionNode = FALSE
	EndGlobalSection
	GlobalSection(NestedProjects) = preSolution
		{8A630252-2312-450F-9FDB-2D2D6A2FC033} = {BAC9D906-05E2-9CB0-68A0-DE46599E1ECB}
		{B163E045-1E56-44F5-8BF8-CE0B2450667A} = {4E7E3CAD-5BB8-876D-597B-72A4952DFB29}
		{92FDAF53-3A42-4E85-8B7E-4D461647EC81} = {BAC9D906-05E2-9CB0-68A0-DE46599E1ECB}
		{BEAC7CB5-C5A8-4B40-B106-3E4DE8153A53} = {BAC9D906-05E2-9CB0-68A0-DE46599E1ECB}
	EndGlobalSection
EndGlobal
