
Microsoft Visual Studio Solution File, Format Version 12.00
# Visual Studio Version 17
VisualStudioVersion = 17.0.31903.59
MinimumVisualStudioVersion = 10.0.40219.1
Project("{FAE04EC0-301F-11D3-BF4B-00C04F79EFBC}") = "MyProject", "MyProject\MyProject.csproj", "{1552F40F-5076-4BB2-9014-428549C210F7}"
EndProject
Project("{FAE04EC0-301F-11D3-BF4B-00C04F79EFBC}") = "NullableTypes", "NullableTypes\NullableTypes.csproj", "{015B93A4-3EDF-4148-822D-C753CACA204B}"
EndProject
Project("{FAE04EC0-301F-11D3-BF4B-00C04F79EFBC}") = "ConversaoDeTipos", "ConversaoDeTipos\ConversaoDeTipos.csproj", "{8FFE8DFE-E8C0-4B3A-A785-00094E2E8446}"
EndProject
Project("{FAE04EC0-301F-11D3-BF4B-00C04F79EFBC}") = "EntradaDeDados", "EntradaDeDados\EntradaDeDados.csproj", "{B0AE378A-D91C-4D93-B6A7-331676682269}"
EndProject
Project("{FAE04EC0-301F-11D3-BF4B-00C04F79EFBC}") = "OperadoresAritmeticos", "OperadoresAritmeticos\OperadoresAritmeticos.csproj", "{677B1B89-AAE5-463D-BE91-19EE3D8A1488}"
EndProject
Project("{FAE04EC0-301F-11D3-BF4B-00C04F79EFBC}") = "Constantes", "Constantes\Constantes.csproj", "{85A470AE-C11A-4434-BBB1-D77A147CCE9F}"
EndProject
Project("{FAE04EC0-301F-11D3-BF4B-00C04F79EFBC}") = "OperadoresDeIncremento", "OperadoresDeIncremento\OperadoresDeIncremento.csproj", "{3EFFA2D9-41D2-43E7-AA54-6C353A306646}"
EndProject
Project("{FAE04EC0-301F-11D3-BF4B-00C04F79EFBC}") = "EstruturasDeControle", "EstruturasDeControle\EstruturasDeControle.csproj", "{EFA9011C-DEE2-4C19-9768-6A15DF577343}"
EndProject
Project("{FAE04EC0-301F-11D3-BF4B-00C04F79EFBC}") = "ClasseEObjeto", "ClasseEObjeto\ClasseEObjeto.csproj", "{EBBAF4B8-7EFF-4496-BDE6-D85BF1CAF250}"
EndProject
Project("{FAE04EC0-301F-11D3-BF4B-00C04F79EFBC}") = "CadastroDeClientes", "CadastroDeClientes\CadastroDeClientes.csproj", "{DB045075-5948-4C3D-8527-8D57F6AF1087}"
EndProject
Project("{FAE04EC0-301F-11D3-BF4B-00C04F79EFBC}") = "ExerciciosPraticos", "ExerciciosPraticos\ExerciciosPraticos.csproj", "{511A1A2D-88A2-47C4-820F-1B82FA4548AF}"
EndProject
Project("{FAE04EC0-301F-11D3-BF4B-00C04F79EFBC}") = "Exercicios1", "Exercicios1\Exercicios1.csproj", "{3AA36A5F-B18F-45ED-8C33-1DCB97FF5817}"
EndProject
Project("{2150E333-8FDC-42A3-9474-1A3956D46DE8}") = "Exercicios", "Exercicios", "{BAC9D906-05E2-9CB0-68A0-DE46599E1ECB}"
EndProject
Project("{FAE04EC0-301F-11D3-BF4B-00C04F79EFBC}") = "Exercicio2", "Exercicios\Exercicio2\Exercicio2.csproj", "{8A630252-2312-450F-9FDB-2D2D6A2FC033}"
EndProject
Project("{2150E333-8FDC-42A3-9474-1A3956D46DE8}") = "MyProjects", "MyProjects", "{4E7E3CAD-5BB8-876D-597B-72A4952DFB29}"
EndProject
Project("{FAE04EC0-301F-11D3-BF4B-00C04F79EFBC}") = "CadastroDeClientes1", "MyProjects\CadastroDeClientes1\CadastroDeClientes1.csproj", "{B163E045-1E56-44F5-8BF8-CE0B2450667A}"
EndProject
Project("{FAE04EC0-301F-11D3-BF4B-00C04F79EFBC}") = "exercicio-0011", "Exercicios\exercicio-0011\exercicio-0011.csproj", "{92FDAF53-3A42-4E85-8B7E-4D461647EC81}"
EndProject
Project("{FAE04EC0-301F-11D3-BF4B-00C04F79EFBC}") = "exercicio-001", "Exercicios\exercicio-001\exercicio-001.csproj", "{BEAC7CB5-C5A8-4B40-B106-3E4DE8153A53}"
EndProject
Project("{FAE04EC0-301F-11D3-BF4B-00C04F79EFBC}") = "exercicio-003", "Exercicios\exercicio-003\exercicio-003.csproj", "{6DF02713-F362-4E08-BE1D-9247B07C60C2}"
EndProject
Project("{FAE04EC0-301F-11D3-BF4B-00C04F79EFBC}") = "exercicio-004", "Exercicios\exercicio-004\exercicio-004.csproj", "{838968F6-50F8-467E-836B-FA1E7AFC51C6}"
EndProject
Project("{FAE04EC0-301F-11D3-BF4B-00C04F79EFBC}") = "exercicio-005", "Exercicios\exercicio-005\exercicio-005.csproj", "{E29EC3E7-4340-40E3-8120-A71E89CA5913}"
EndProject
Project("{FAE04EC0-301F-11D3-BF4B-00C04F79EFBC}") = "JogoDaForca", "MyProjects\JogoDaForca\JogoDaForca.csproj", "{4FE63812-B0CB-49CC-BAEE-155C90C0BA53}"
EndProject
Project("{2150E333-8FDC-42A3-9474-1A3956D46DE8}") = "MicrosoftLearn", "MicrosoftLearn", "{36C74856-11FD-F799-5998-64E29466B115}"
EndProject
Project("{FAE04EC0-301F-11D3-BF4B-00C04F79EFBC}") = "aula001", "MicrosoftLearn\aula001\aula001.csproj", "{B6B0E123-9C4F-4790-B07E-2370B6567B48}"
EndProject
Project("{FAE04EC0-301F-11D3-BF4B-00C04F79EFBC}") = "aula002", "MicrosoftLearn\aula002\aula002.csproj", "{4E62CCC4-FE95-4DA5-8C60-7C21D4CD780C}"
EndProject
Project("{FAE04EC0-301F-11D3-BF4B-00C04F79EFBC}") = "aula002.1", "MicrosoftLearn\aula002.1\aula002.1.csproj", "{0C77FCBD-BA42-4B9B-9BD9-8F93F197D36E}"
EndProject
Project("{2150E333-8FDC-42A3-9474-1A3956D46DE8}") = "ClasseEObjeto", "ClasseEObjeto", "{844DF7A9-D581-30E7-6548-19735B89BBD1}"
EndProject
Project("{FAE04EC0-301F-11D3-BF4B-00C04F79EFBC}") = "Metodos", "ClasseEObjeto\Metodos\Metodos.csproj", "{21B6D589-1E1D-463A-89DC-734C9C2F0F05}"
EndProject
Project("{FAE04EC0-301F-11D3-BF4B-00C04F79EFBC}") = "Metodos", "Metodos\Metodos.csproj", "{F2684CA9-279A-4B6D-B2BC-E93AFF79D76C}"
EndProject
Project("{FAE04EC0-301F-11D3-BF4B-00C04F79EFBC}") = "aula003", "MicrosoftLearn\aula003\aula003.csproj", "{C7A56832-2086-4B73-8484-56B081F0BF0A}"
EndProject
Project("{FAE04EC0-301F-11D3-BF4B-00C04F79EFBC}") = "aula003.1", "MicrosoftLearn\aula003.1\aula003.1.csproj", "{8883D3D7-F031-4F39-BFE0-AC234606A955}"
EndProject
Project("{FAE04EC0-301F-11D3-BF4B-00C04F79EFBC}") = "NotaFinal", "MyProjects\NotaFinal\NotaFinal.csproj", "{E21B9473-5A68-4B80-9853-C9B5A4B34D71}"
EndProject
Project("{FAE04EC0-301F-11D3-BF4B-00C04F79EFBC}") = "aula004", "MicrosoftLearn\aula004\aula004.csproj", "{1B56A389-7564-4159-8C1C-37496448EDB0}"
EndProject
Project("{FAE04EC0-301F-11D3-BF4B-00C04F79EFBC}") = "aula004.1", "MicrosoftLearn\aula004.1\aula004.1.csproj", "{71D0CB5E-BCFA-422E-8CE2-BB7DD153846D}"
EndProject
Project("{FAE04EC0-301F-11D3-BF4B-00C04F79EFBC}") = "aula005", "MicrosoftLearn\aula005\aula005.csproj", "{30194E9E-E74F-4776-89AA-E6A47CD82380}"
EndProject
Project("{FAE04EC0-301F-11D3-BF4B-00C04F79EFBC}") = "aula006", "MicrosoftLearn\aula006\aula006.csproj", "{92FC68FF-8EE9-447F-967C-0FB618FA1416}"
EndProject
Project("{FAE04EC0-301F-11D3-BF4B-00C04F79EFBC}") = "aula006.1", "MicrosoftLearn\aula006.1\aula006.1.csproj", "{80B5ACF3-21B2-42E7-BFAF-A0186304053A}"
EndProject
Project("{FAE04EC0-301F-11D3-BF4B-00C04F79EFBC}") = "aula007", "MicrosoftLearn\aula007\aula007.csproj", "{811DC5AC-2228-4148-A2BF-E61B45DDBDE1}"
EndProject
Project("{FAE04EC0-301F-11D3-BF4B-00C04F79EFBC}") = "aula007.1", "MicrosoftLearn\aula007.1\aula007.1.csproj", "{62DD7F91-12C1-4ADA-9B66-7EC4AD178D28}"
EndProject
Project("{FAE04EC0-301F-11D3-BF4B-00C04F79EFBC}") = "aula008", "MicrosoftLearn\aula008\aula008.csproj", "{6C16A6B8-D201-46E2-88EB-6D48517C89D3}"
EndProject
Project("{FAE04EC0-301F-11D3-BF4B-00C04F79EFBC}") = "aula008.1", "MicrosoftLearn\aula008.1\aula008.1.csproj", "{96EDF62C-ACBA-49B4-83BE-1F5B23422A54}"
EndProject
Project("{FAE04EC0-301F-11D3-BF4B-00C04F79EFBC}") = "aula008.2", "MicrosoftLearn\aula008.2\aula008.2.csproj", "{E4919D1C-C1C4-401F-A742-EEAE897FDFEF}"
EndProject
Project("{FAE04EC0-301F-11D3-BF4B-00C04F79EFBC}") = "aula008.3", "MicrosoftLearn\aula008.3\aula008.3.csproj", "{1634E490-BC0B-4A94-BF0A-DA5928EAB6DF}"
EndProject
Project("{FAE04EC0-301F-11D3-BF4B-00C04F79EFBC}") = "aula008.4", "MicrosoftLearn\aula008.4\aula008.4.csproj", "{42F13CD9-3868-40AB-885F-C1769C06CB71}"
EndProject
Project("{FAE04EC0-301F-11D3-BF4B-00C04F79EFBC}") = "project_contosopets", "MicrosoftLearn\project_contosopets\project_contosopets.csproj", "{12F2EFD8-0524-406E-880A-C2156A46A16A}"
EndProject
Project("{2150E333-8FDC-42A3-9474-1A3956D46DE8}") = "Colecoes", "Colecoes", "{09C40426-0A8C-53A8-9011-D9AE64F10117}"
EndProject
Project("{FAE04EC0-301F-11D3-BF4B-00C04F79EFBC}") = "arrayList", "Colecoes\arrayList\arrayList.csproj", "{791BC283-EA3E-4156-AD79-AD3F44B28C0E}"
EndProject
Project("{FAE04EC0-301F-11D3-BF4B-00C04F79EFBC}") = "exercicio-008", "Exercicios\exercicio-008\exercicio-008.csproj", "{727AF97D-098F-4F09-90BB-43E7FE7B7DF5}"
EndProject
Project("{FAE04EC0-301F-11D3-BF4B-00C04F79EFBC}") = "exercicio-009", "Exercicios\exercicio-009\exercicio-009.csproj", "{4411C190-C0BD-4D05-B5C4-389B1B052B22}"
EndProject
Project("{FAE04EC0-301F-11D3-BF4B-00C04F79EFBC}") = "exercicio-010", "Exercicios\exercicio-010\exercicio-010.csproj", "{0FA952EE-8845-411C-8DA4-C9CD802F4B1F}"
EndProject
Global
	GlobalSection(SolutionConfigurationPlatforms) = preSolution
		Debug|Any CPU = Debug|Any CPU
		Debug|x64 = Debug|x64
		Debug|x86 = Debug|x86
		Release|Any CPU = Release|Any CPU
		Release|x64 = Release|x64
		Release|x86 = Release|x86
	EndGlobalSection
	GlobalSection(ProjectConfigurationPlatforms) = postSolution
		{1552F40F-5076-4BB2-9014-428549C210F7}.Debug|Any CPU.ActiveCfg = Debug|Any CPU
		{1552F40F-5076-4BB2-9014-428549C210F7}.Debug|Any CPU.Build.0 = Debug|Any CPU
		{1552F40F-5076-4BB2-9014-428549C210F7}.Debug|x64.ActiveCfg = Debug|Any CPU
		{1552F40F-5076-4BB2-9014-428549C210F7}.Debug|x64.Build.0 = Debug|Any CPU
		{1552F40F-5076-4BB2-9014-428549C210F7}.Debug|x86.ActiveCfg = Debug|Any CPU
		{1552F40F-5076-4BB2-9014-428549C210F7}.Debug|x86.Build.0 = Debug|Any CPU
		{1552F40F-5076-4BB2-9014-428549C210F7}.Release|Any CPU.ActiveCfg = Release|Any CPU
		{1552F40F-5076-4BB2-9014-428549C210F7}.Release|Any CPU.Build.0 = Release|Any CPU
		{1552F40F-5076-4BB2-9014-428549C210F7}.Release|x64.ActiveCfg = Release|Any CPU
		{1552F40F-5076-4BB2-9014-428549C210F7}.Release|x64.Build.0 = Release|Any CPU
		{1552F40F-5076-4BB2-9014-428549C210F7}.Release|x86.ActiveCfg = Release|Any CPU
		{1552F40F-5076-4BB2-9014-428549C210F7}.Release|x86.Build.0 = Release|Any CPU
		{015B93A4-3EDF-4148-822D-C753CACA204B}.Debug|Any CPU.ActiveCfg = Debug|Any CPU
		{015B93A4-3EDF-4148-822D-C753CACA204B}.Debug|Any CPU.Build.0 = Debug|Any CPU
		{015B93A4-3EDF-4148-822D-C753CACA204B}.Debug|x64.ActiveCfg = Debug|Any CPU
		{015B93A4-3EDF-4148-822D-C753CACA204B}.Debug|x64.Build.0 = Debug|Any CPU
		{015B93A4-3EDF-4148-822D-C753CACA204B}.Debug|x86.ActiveCfg = Debug|Any CPU
		{015B93A4-3EDF-4148-822D-C753CACA204B}.Debug|x86.Build.0 = Debug|Any CPU
		{015B93A4-3EDF-4148-822D-C753CACA204B}.Release|Any CPU.ActiveCfg = Release|Any CPU
		{015B93A4-3EDF-4148-822D-C753CACA204B}.Release|Any CPU.Build.0 = Release|Any CPU
		{015B93A4-3EDF-4148-822D-C753CACA204B}.Release|x64.ActiveCfg = Release|Any CPU
		{015B93A4-3EDF-4148-822D-C753CACA204B}.Release|x64.Build.0 = Release|Any CPU
		{015B93A4-3EDF-4148-822D-C753CACA204B}.Release|x86.ActiveCfg = Release|Any CPU
		{015B93A4-3EDF-4148-822D-C753CACA204B}.Release|x86.Build.0 = Release|Any CPU
		{8FFE8DFE-E8C0-4B3A-A785-00094E2E8446}.Debug|Any CPU.ActiveCfg = Debug|Any CPU
		{8FFE8DFE-E8C0-4B3A-A785-00094E2E8446}.Debug|Any CPU.Build.0 = Debug|Any CPU
		{8FFE8DFE-E8C0-4B3A-A785-00094E2E8446}.Debug|x64.ActiveCfg = Debug|Any CPU
		{8FFE8DFE-E8C0-4B3A-A785-00094E2E8446}.Debug|x64.Build.0 = Debug|Any CPU
		{8FFE8DFE-E8C0-4B3A-A785-00094E2E8446}.Debug|x86.ActiveCfg = Debug|Any CPU
		{8FFE8DFE-E8C0-4B3A-A785-00094E2E8446}.Debug|x86.Build.0 = Debug|Any CPU
		{8FFE8DFE-E8C0-4B3A-A785-00094E2E8446}.Release|Any CPU.ActiveCfg = Release|Any CPU
		{8FFE8DFE-E8C0-4B3A-A785-00094E2E8446}.Release|Any CPU.Build.0 = Release|Any CPU
		{8FFE8DFE-E8C0-4B3A-A785-00094E2E8446}.Release|x64.ActiveCfg = Release|Any CPU
		{8FFE8DFE-E8C0-4B3A-A785-00094E2E8446}.Release|x64.Build.0 = Release|Any CPU
		{8FFE8DFE-E8C0-4B3A-A785-00094E2E8446}.Release|x86.ActiveCfg = Release|Any CPU
		{8FFE8DFE-E8C0-4B3A-A785-00094E2E8446}.Release|x86.Build.0 = Release|Any CPU
		{B0AE378A-D91C-4D93-B6A7-331676682269}.Debug|Any CPU.ActiveCfg = Debug|Any CPU
		{B0AE378A-D91C-4D93-B6A7-331676682269}.Debug|Any CPU.Build.0 = Debug|Any CPU
		{B0AE378A-D91C-4D93-B6A7-331676682269}.Debug|x64.ActiveCfg = Debug|Any CPU
		{B0AE378A-D91C-4D93-B6A7-331676682269}.Debug|x64.Build.0 = Debug|Any CPU
		{B0AE378A-D91C-4D93-B6A7-331676682269}.Debug|x86.ActiveCfg = Debug|Any CPU
		{B0AE378A-D91C-4D93-B6A7-331676682269}.Debug|x86.Build.0 = Debug|Any CPU
		{B0AE378A-D91C-4D93-B6A7-331676682269}.Release|Any CPU.ActiveCfg = Release|Any CPU
		{B0AE378A-D91C-4D93-B6A7-331676682269}.Release|Any CPU.Build.0 = Release|Any CPU
		{B0AE378A-D91C-4D93-B6A7-331676682269}.Release|x64.ActiveCfg = Release|Any CPU
		{B0AE378A-D91C-4D93-B6A7-331676682269}.Release|x64.Build.0 = Release|Any CPU
		{B0AE378A-D91C-4D93-B6A7-331676682269}.Release|x86.ActiveCfg = Release|Any CPU
		{B0AE378A-D91C-4D93-B6A7-331676682269}.Release|x86.Build.0 = Release|Any CPU
		{677B1B89-AAE5-463D-BE91-19EE3D8A1488}.Debug|Any CPU.ActiveCfg = Debug|Any CPU
		{677B1B89-AAE5-463D-BE91-19EE3D8A1488}.Debug|Any CPU.Build.0 = Debug|Any CPU
		{677B1B89-AAE5-463D-BE91-19EE3D8A1488}.Debug|x64.ActiveCfg = Debug|Any CPU
		{677B1B89-AAE5-463D-BE91-19EE3D8A1488}.Debug|x64.Build.0 = Debug|Any CPU
		{677B1B89-AAE5-463D-BE91-19EE3D8A1488}.Debug|x86.ActiveCfg = Debug|Any CPU
		{677B1B89-AAE5-463D-BE91-19EE3D8A1488}.Debug|x86.Build.0 = Debug|Any CPU
		{677B1B89-AAE5-463D-BE91-19EE3D8A1488}.Release|Any CPU.ActiveCfg = Release|Any CPU
		{677B1B89-AAE5-463D-BE91-19EE3D8A1488}.Release|Any CPU.Build.0 = Release|Any CPU
		{677B1B89-AAE5-463D-BE91-19EE3D8A1488}.Release|x64.ActiveCfg = Release|Any CPU
		{677B1B89-AAE5-463D-BE91-19EE3D8A1488}.Release|x64.Build.0 = Release|Any CPU
		{677B1B89-AAE5-463D-BE91-19EE3D8A1488}.Release|x86.ActiveCfg = Release|Any CPU
		{677B1B89-AAE5-463D-BE91-19EE3D8A1488}.Release|x86.Build.0 = Release|Any CPU
		{85A470AE-C11A-4434-BBB1-D77A147CCE9F}.Debug|Any CPU.ActiveCfg = Debug|Any CPU
		{85A470AE-C11A-4434-BBB1-D77A147CCE9F}.Debug|Any CPU.Build.0 = Debug|Any CPU
		{85A470AE-C11A-4434-BBB1-D77A147CCE9F}.Debug|x64.ActiveCfg = Debug|Any CPU
		{85A470AE-C11A-4434-BBB1-D77A147CCE9F}.Debug|x64.Build.0 = Debug|Any CPU
		{85A470AE-C11A-4434-BBB1-D77A147CCE9F}.Debug|x86.ActiveCfg = Debug|Any CPU
		{85A470AE-C11A-4434-BBB1-D77A147CCE9F}.Debug|x86.Build.0 = Debug|Any CPU
		{85A470AE-C11A-4434-BBB1-D77A147CCE9F}.Release|Any CPU.ActiveCfg = Release|Any CPU
		{85A470AE-C11A-4434-BBB1-D77A147CCE9F}.Release|Any CPU.Build.0 = Release|Any CPU
		{85A470AE-C11A-4434-BBB1-D77A147CCE9F}.Release|x64.ActiveCfg = Release|Any CPU
		{85A470AE-C11A-4434-BBB1-D77A147CCE9F}.Release|x64.Build.0 = Release|Any CPU
		{85A470AE-C11A-4434-BBB1-D77A147CCE9F}.Release|x86.ActiveCfg = Release|Any CPU
		{85A470AE-C11A-4434-BBB1-D77A147CCE9F}.Release|x86.Build.0 = Release|Any CPU
		{3EFFA2D9-41D2-43E7-AA54-6C353A306646}.Debug|Any CPU.ActiveCfg = Debug|Any CPU
		{3EFFA2D9-41D2-43E7-AA54-6C353A306646}.Debug|Any CPU.Build.0 = Debug|Any CPU
		{3EFFA2D9-41D2-43E7-AA54-6C353A306646}.Debug|x64.ActiveCfg = Debug|Any CPU
		{3EFFA2D9-41D2-43E7-AA54-6C353A306646}.Debug|x64.Build.0 = Debug|Any CPU
		{3EFFA2D9-41D2-43E7-AA54-6C353A306646}.Debug|x86.ActiveCfg = Debug|Any CPU
		{3EFFA2D9-41D2-43E7-AA54-6C353A306646}.Debug|x86.Build.0 = Debug|Any CPU
		{3EFFA2D9-41D2-43E7-AA54-6C353A306646}.Release|Any CPU.ActiveCfg = Release|Any CPU
		{3EFFA2D9-41D2-43E7-AA54-6C353A306646}.Release|Any CPU.Build.0 = Release|Any CPU
		{3EFFA2D9-41D2-43E7-AA54-6C353A306646}.Release|x64.ActiveCfg = Release|Any CPU
		{3EFFA2D9-41D2-43E7-AA54-6C353A306646}.Release|x64.Build.0 = Release|Any CPU
		{3EFFA2D9-41D2-43E7-AA54-6C353A306646}.Release|x86.ActiveCfg = Release|Any CPU
		{3EFFA2D9-41D2-43E7-AA54-6C353A306646}.Release|x86.Build.0 = Release|Any CPU
		{EFA9011C-DEE2-4C19-9768-6A15DF577343}.Debug|Any CPU.ActiveCfg = Debug|Any CPU
		{EFA9011C-DEE2-4C19-9768-6A15DF577343}.Debug|Any CPU.Build.0 = Debug|Any CPU
		{EFA9011C-DEE2-4C19-9768-6A15DF577343}.Debug|x64.ActiveCfg = Debug|Any CPU
		{EFA9011C-DEE2-4C19-9768-6A15DF577343}.Debug|x64.Build.0 = Debug|Any CPU
		{EFA9011C-DEE2-4C19-9768-6A15DF577343}.Debug|x86.ActiveCfg = Debug|Any CPU
		{EFA9011C-DEE2-4C19-9768-6A15DF577343}.Debug|x86.Build.0 = Debug|Any CPU
		{EFA9011C-DEE2-4C19-9768-6A15DF577343}.Release|Any CPU.ActiveCfg = Release|Any CPU
		{EFA9011C-DEE2-4C19-9768-6A15DF577343}.Release|Any CPU.Build.0 = Release|Any CPU
		{EFA9011C-DEE2-4C19-9768-6A15DF577343}.Release|x64.ActiveCfg = Release|Any CPU
		{EFA9011C-DEE2-4C19-9768-6A15DF577343}.Release|x64.Build.0 = Release|Any CPU
		{EFA9011C-DEE2-4C19-9768-6A15DF577343}.Release|x86.ActiveCfg = Release|Any CPU
		{EFA9011C-DEE2-4C19-9768-6A15DF577343}.Release|x86.Build.0 = Release|Any CPU
		{EBBAF4B8-7EFF-4496-BDE6-D85BF1CAF250}.Debug|Any CPU.ActiveCfg = Debug|Any CPU
		{EBBAF4B8-7EFF-4496-BDE6-D85BF1CAF250}.Debug|Any CPU.Build.0 = Debug|Any CPU
		{EBBAF4B8-7EFF-4496-BDE6-D85BF1CAF250}.Debug|x64.ActiveCfg = Debug|Any CPU
		{EBBAF4B8-7EFF-4496-BDE6-D85BF1CAF250}.Debug|x64.Build.0 = Debug|Any CPU
		{EBBAF4B8-7EFF-4496-BDE6-D85BF1CAF250}.Debug|x86.ActiveCfg = Debug|Any CPU
		{EBBAF4B8-7EFF-4496-BDE6-D85BF1CAF250}.Debug|x86.Build.0 = Debug|Any CPU
		{EBBAF4B8-7EFF-4496-BDE6-D85BF1CAF250}.Release|Any CPU.ActiveCfg = Release|Any CPU
		{EBBAF4B8-7EFF-4496-BDE6-D85BF1CAF250}.Release|Any CPU.Build.0 = Release|Any CPU
		{EBBAF4B8-7EFF-4496-BDE6-D85BF1CAF250}.Release|x64.ActiveCfg = Release|Any CPU
		{EBBAF4B8-7EFF-4496-BDE6-D85BF1CAF250}.Release|x64.Build.0 = Release|Any CPU
		{EBBAF4B8-7EFF-4496-BDE6-D85BF1CAF250}.Release|x86.ActiveCfg = Release|Any CPU
		{EBBAF4B8-7EFF-4496-BDE6-D85BF1CAF250}.Release|x86.Build.0 = Release|Any CPU
		{DB045075-5948-4C3D-8527-8D57F6AF1087}.Debug|Any CPU.ActiveCfg = Debug|Any CPU
		{DB045075-5948-4C3D-8527-8D57F6AF1087}.Debug|Any CPU.Build.0 = Debug|Any CPU
		{DB045075-5948-4C3D-8527-8D57F6AF1087}.Debug|x64.ActiveCfg = Debug|Any CPU
		{DB045075-5948-4C3D-8527-8D57F6AF1087}.Debug|x64.Build.0 = Debug|Any CPU
		{DB045075-5948-4C3D-8527-8D57F6AF1087}.Debug|x86.ActiveCfg = Debug|Any CPU
		{DB045075-5948-4C3D-8527-8D57F6AF1087}.Debug|x86.Build.0 = Debug|Any CPU
		{DB045075-5948-4C3D-8527-8D57F6AF1087}.Release|Any CPU.ActiveCfg = Release|Any CPU
		{DB045075-5948-4C3D-8527-8D57F6AF1087}.Release|Any CPU.Build.0 = Release|Any CPU
		{DB045075-5948-4C3D-8527-8D57F6AF1087}.Release|x64.ActiveCfg = Release|Any CPU
		{DB045075-5948-4C3D-8527-8D57F6AF1087}.Release|x64.Build.0 = Release|Any CPU
		{DB045075-5948-4C3D-8527-8D57F6AF1087}.Release|x86.ActiveCfg = Release|Any CPU
		{DB045075-5948-4C3D-8527-8D57F6AF1087}.Release|x86.Build.0 = Release|Any CPU
		{511A1A2D-88A2-47C4-820F-1B82FA4548AF}.Debug|Any CPU.ActiveCfg = Debug|Any CPU
		{511A1A2D-88A2-47C4-820F-1B82FA4548AF}.Debug|Any CPU.Build.0 = Debug|Any CPU
		{511A1A2D-88A2-47C4-820F-1B82FA4548AF}.Debug|x64.ActiveCfg = Debug|Any CPU
		{511A1A2D-88A2-47C4-820F-1B82FA4548AF}.Debug|x64.Build.0 = Debug|Any CPU
		{511A1A2D-88A2-47C4-820F-1B82FA4548AF}.Debug|x86.ActiveCfg = Debug|Any CPU
		{511A1A2D-88A2-47C4-820F-1B82FA4548AF}.Debug|x86.Build.0 = Debug|Any CPU
		{511A1A2D-88A2-47C4-820F-1B82FA4548AF}.Release|Any CPU.ActiveCfg = Release|Any CPU
		{511A1A2D-88A2-47C4-820F-1B82FA4548AF}.Release|Any CPU.Build.0 = Release|Any CPU
		{511A1A2D-88A2-47C4-820F-1B82FA4548AF}.Release|x64.ActiveCfg = Release|Any CPU
		{511A1A2D-88A2-47C4-820F-1B82FA4548AF}.Release|x64.Build.0 = Release|Any CPU
		{511A1A2D-88A2-47C4-820F-1B82FA4548AF}.Release|x86.ActiveCfg = Release|Any CPU
		{511A1A2D-88A2-47C4-820F-1B82FA4548AF}.Release|x86.Build.0 = Release|Any CPU
		{3AA36A5F-B18F-45ED-8C33-1DCB97FF5817}.Debug|Any CPU.ActiveCfg = Debug|Any CPU
		{3AA36A5F-B18F-45ED-8C33-1DCB97FF5817}.Debug|Any CPU.Build.0 = Debug|Any CPU
		{3AA36A5F-B18F-45ED-8C33-1DCB97FF5817}.Debug|x64.ActiveCfg = Debug|Any CPU
		{3AA36A5F-B18F-45ED-8C33-1DCB97FF5817}.Debug|x64.Build.0 = Debug|Any CPU
		{3AA36A5F-B18F-45ED-8C33-1DCB97FF5817}.Debug|x86.ActiveCfg = Debug|Any CPU
		{3AA36A5F-B18F-45ED-8C33-1DCB97FF5817}.Debug|x86.Build.0 = Debug|Any CPU
		{3AA36A5F-B18F-45ED-8C33-1DCB97FF5817}.Release|Any CPU.ActiveCfg = Release|Any CPU
		{3AA36A5F-B18F-45ED-8C33-1DCB97FF5817}.Release|Any CPU.Build.0 = Release|Any CPU
		{3AA36A5F-B18F-45ED-8C33-1DCB97FF5817}.Release|x64.ActiveCfg = Release|Any CPU
		{3AA36A5F-B18F-45ED-8C33-1DCB97FF5817}.Release|x64.Build.0 = Release|Any CPU
		{3AA36A5F-B18F-45ED-8C33-1DCB97FF5817}.Release|x86.ActiveCfg = Release|Any CPU
		{3AA36A5F-B18F-45ED-8C33-1DCB97FF5817}.Release|x86.Build.0 = Release|Any CPU
		{8A630252-2312-450F-9FDB-2D2D6A2FC033}.Debug|Any CPU.ActiveCfg = Debug|Any CPU
		{8A630252-2312-450F-9FDB-2D2D6A2FC033}.Debug|Any CPU.Build.0 = Debug|Any CPU
		{8A630252-2312-450F-9FDB-2D2D6A2FC033}.Debug|x64.ActiveCfg = Debug|Any CPU
		{8A630252-2312-450F-9FDB-2D2D6A2FC033}.Debug|x64.Build.0 = Debug|Any CPU
		{8A630252-2312-450F-9FDB-2D2D6A2FC033}.Debug|x86.ActiveCfg = Debug|Any CPU
		{8A630252-2312-450F-9FDB-2D2D6A2FC033}.Debug|x86.Build.0 = Debug|Any CPU
		{8A630252-2312-450F-9FDB-2D2D6A2FC033}.Release|Any CPU.ActiveCfg = Release|Any CPU
		{8A630252-2312-450F-9FDB-2D2D6A2FC033}.Release|Any CPU.Build.0 = Release|Any CPU
		{8A630252-2312-450F-9FDB-2D2D6A2FC033}.Release|x64.ActiveCfg = Release|Any CPU
		{8A630252-2312-450F-9FDB-2D2D6A2FC033}.Release|x64.Build.0 = Release|Any CPU
		{8A630252-2312-450F-9FDB-2D2D6A2FC033}.Release|x86.ActiveCfg = Release|Any CPU
		{8A630252-2312-450F-9FDB-2D2D6A2FC033}.Release|x86.Build.0 = Release|Any CPU
		{B163E045-1E56-44F5-8BF8-CE0B2450667A}.Debug|Any CPU.ActiveCfg = Debug|Any CPU
		{B163E045-1E56-44F5-8BF8-CE0B2450667A}.Debug|Any CPU.Build.0 = Debug|Any CPU
		{B163E045-1E56-44F5-8BF8-CE0B2450667A}.Debug|x64.ActiveCfg = Debug|Any CPU
		{B163E045-1E56-44F5-8BF8-CE0B2450667A}.Debug|x64.Build.0 = Debug|Any CPU
		{B163E045-1E56-44F5-8BF8-CE0B2450667A}.Debug|x86.ActiveCfg = Debug|Any CPU
		{B163E045-1E56-44F5-8BF8-CE0B2450667A}.Debug|x86.Build.0 = Debug|Any CPU
		{B163E045-1E56-44F5-8BF8-CE0B2450667A}.Release|Any CPU.ActiveCfg = Release|Any CPU
		{B163E045-1E56-44F5-8BF8-CE0B2450667A}.Release|Any CPU.Build.0 = Release|Any CPU
		{B163E045-1E56-44F5-8BF8-CE0B2450667A}.Release|x64.ActiveCfg = Release|Any CPU
		{B163E045-1E56-44F5-8BF8-CE0B2450667A}.Release|x64.Build.0 = Release|Any CPU
		{B163E045-1E56-44F5-8BF8-CE0B2450667A}.Release|x86.ActiveCfg = Release|Any CPU
		{B163E045-1E56-44F5-8BF8-CE0B2450667A}.Release|x86.Build.0 = Release|Any CPU
		{92FDAF53-3A42-4E85-8B7E-4D461647EC81}.Debug|Any CPU.ActiveCfg = Debug|Any CPU
		{92FDAF53-3A42-4E85-8B7E-4D461647EC81}.Debug|Any CPU.Build.0 = Debug|Any CPU
		{92FDAF53-3A42-4E85-8B7E-4D461647EC81}.Debug|x64.ActiveCfg = Debug|Any CPU
		{92FDAF53-3A42-4E85-8B7E-4D461647EC81}.Debug|x64.Build.0 = Debug|Any CPU
		{92FDAF53-3A42-4E85-8B7E-4D461647EC81}.Debug|x86.ActiveCfg = Debug|Any CPU
		{92FDAF53-3A42-4E85-8B7E-4D461647EC81}.Debug|x86.Build.0 = Debug|Any CPU
		{92FDAF53-3A42-4E85-8B7E-4D461647EC81}.Release|Any CPU.ActiveCfg = Release|Any CPU
		{92FDAF53-3A42-4E85-8B7E-4D461647EC81}.Release|Any CPU.Build.0 = Release|Any CPU
		{92FDAF53-3A42-4E85-8B7E-4D461647EC81}.Release|x64.ActiveCfg = Release|Any CPU
		{92FDAF53-3A42-4E85-8B7E-4D461647EC81}.Release|x64.Build.0 = Release|Any CPU
		{92FDAF53-3A42-4E85-8B7E-4D461647EC81}.Release|x86.ActiveCfg = Release|Any CPU
		{92FDAF53-3A42-4E85-8B7E-4D461647EC81}.Release|x86.Build.0 = Release|Any CPU
		{BEAC7CB5-C5A8-4B40-B106-3E4DE8153A53}.Debug|Any CPU.ActiveCfg = Debug|Any CPU
		{BEAC7CB5-C5A8-4B40-B106-3E4DE8153A53}.Debug|Any CPU.Build.0 = Debug|Any CPU
		{BEAC7CB5-C5A8-4B40-B106-3E4DE8153A53}.Debug|x64.ActiveCfg = Debug|Any CPU
		{BEAC7CB5-C5A8-4B40-B106-3E4DE8153A53}.Debug|x64.Build.0 = Debug|Any CPU
		{BEAC7CB5-C5A8-4B40-B106-3E4DE8153A53}.Debug|x86.ActiveCfg = Debug|Any CPU
		{BEAC7CB5-C5A8-4B40-B106-3E4DE8153A53}.Debug|x86.Build.0 = Debug|Any CPU
		{BEAC7CB5-C5A8-4B40-B106-3E4DE8153A53}.Release|Any CPU.ActiveCfg = Release|Any CPU
		{BEAC7CB5-C5A8-4B40-B106-3E4DE8153A53}.Release|Any CPU.Build.0 = Release|Any CPU
		{BEAC7CB5-C5A8-4B40-B106-3E4DE8153A53}.Release|x64.ActiveCfg = Release|Any CPU
		{BEAC7CB5-C5A8-4B40-B106-3E4DE8153A53}.Release|x64.Build.0 = Release|Any CPU
		{BEAC7CB5-C5A8-4B40-B106-3E4DE8153A53}.Release|x86.ActiveCfg = Release|Any CPU
		{BEAC7CB5-C5A8-4B40-B106-3E4DE8153A53}.Release|x86.Build.0 = Release|Any CPU
		{6DF02713-F362-4E08-BE1D-9247B07C60C2}.Debug|Any CPU.ActiveCfg = Debug|Any CPU
		{6DF02713-F362-4E08-BE1D-9247B07C60C2}.Debug|Any CPU.Build.0 = Debug|Any CPU
		{6DF02713-F362-4E08-BE1D-9247B07C60C2}.Debug|x64.ActiveCfg = Debug|Any CPU
		{6DF02713-F362-4E08-BE1D-9247B07C60C2}.Debug|x64.Build.0 = Debug|Any CPU
		{6DF02713-F362-4E08-BE1D-9247B07C60C2}.Debug|x86.ActiveCfg = Debug|Any CPU
		{6DF02713-F362-4E08-BE1D-9247B07C60C2}.Debug|x86.Build.0 = Debug|Any CPU
		{6DF02713-F362-4E08-BE1D-9247B07C60C2}.Release|Any CPU.ActiveCfg = Release|Any CPU
		{6DF02713-F362-4E08-BE1D-9247B07C60C2}.Release|Any CPU.Build.0 = Release|Any CPU
		{6DF02713-F362-4E08-BE1D-9247B07C60C2}.Release|x64.ActiveCfg = Release|Any CPU
		{6DF02713-F362-4E08-BE1D-9247B07C60C2}.Release|x64.Build.0 = Release|Any CPU
		{6DF02713-F362-4E08-BE1D-9247B07C60C2}.Release|x86.ActiveCfg = Release|Any CPU
		{6DF02713-F362-4E08-BE1D-9247B07C60C2}.Release|x86.Build.0 = Release|Any CPU
		{838968F6-50F8-467E-836B-FA1E7AFC51C6}.Debug|Any CPU.ActiveCfg = Debug|Any CPU
		{838968F6-50F8-467E-836B-FA1E7AFC51C6}.Debug|Any CPU.Build.0 = Debug|Any CPU
		{838968F6-50F8-467E-836B-FA1E7AFC51C6}.Debug|x64.ActiveCfg = Debug|Any CPU
		{838968F6-50F8-467E-836B-FA1E7AFC51C6}.Debug|x64.Build.0 = Debug|Any CPU
		{838968F6-50F8-467E-836B-FA1E7AFC51C6}.Debug|x86.ActiveCfg = Debug|Any CPU
		{838968F6-50F8-467E-836B-FA1E7AFC51C6}.Debug|x86.Build.0 = Debug|Any CPU
		{838968F6-50F8-467E-836B-FA1E7AFC51C6}.Release|Any CPU.ActiveCfg = Release|Any CPU
		{838968F6-50F8-467E-836B-FA1E7AFC51C6}.Release|Any CPU.Build.0 = Release|Any CPU
		{838968F6-50F8-467E-836B-FA1E7AFC51C6}.Release|x64.ActiveCfg = Release|Any CPU
		{838968F6-50F8-467E-836B-FA1E7AFC51C6}.Release|x64.Build.0 = Release|Any CPU
		{838968F6-50F8-467E-836B-FA1E7AFC51C6}.Release|x86.ActiveCfg = Release|Any CPU
		{838968F6-50F8-467E-836B-FA1E7AFC51C6}.Release|x86.Build.0 = Release|Any CPU
		{E29EC3E7-4340-40E3-8120-A71E89CA5913}.Debug|Any CPU.ActiveCfg = Debug|Any CPU
		{E29EC3E7-4340-40E3-8120-A71E89CA5913}.Debug|Any CPU.Build.0 = Debug|Any CPU
		{E29EC3E7-4340-40E3-8120-A71E89CA5913}.Debug|x64.ActiveCfg = Debug|Any CPU
		{E29EC3E7-4340-40E3-8120-A71E89CA5913}.Debug|x64.Build.0 = Debug|Any CPU
		{E29EC3E7-4340-40E3-8120-A71E89CA5913}.Debug|x86.ActiveCfg = Debug|Any CPU
		{E29EC3E7-4340-40E3-8120-A71E89CA5913}.Debug|x86.Build.0 = Debug|Any CPU
		{E29EC3E7-4340-40E3-8120-A71E89CA5913}.Release|Any CPU.ActiveCfg = Release|Any CPU
		{E29EC3E7-4340-40E3-8120-A71E89CA5913}.Release|Any CPU.Build.0 = Release|Any CPU
		{E29EC3E7-4340-40E3-8120-A71E89CA5913}.Release|x64.ActiveCfg = Release|Any CPU
		{E29EC3E7-4340-40E3-8120-A71E89CA5913}.Release|x64.Build.0 = Release|Any CPU
		{E29EC3E7-4340-40E3-8120-A71E89CA5913}.Release|x86.ActiveCfg = Release|Any CPU
		{E29EC3E7-4340-40E3-8120-A71E89CA5913}.Release|x86.Build.0 = Release|Any CPU
		{4FE63812-B0CB-49CC-BAEE-155C90C0BA53}.Debug|Any CPU.ActiveCfg = Debug|Any CPU
		{4FE63812-B0CB-49CC-BAEE-155C90C0BA53}.Debug|Any CPU.Build.0 = Debug|Any CPU
		{4FE63812-B0CB-49CC-BAEE-155C90C0BA53}.Debug|x64.ActiveCfg = Debug|Any CPU
		{4FE63812-B0CB-49CC-BAEE-155C90C0BA53}.Debug|x64.Build.0 = Debug|Any CPU
		{4FE63812-B0CB-49CC-BAEE-155C90C0BA53}.Debug|x86.ActiveCfg = Debug|Any CPU
		{4FE63812-B0CB-49CC-BAEE-155C90C0BA53}.Debug|x86.Build.0 = Debug|Any CPU
		{4FE63812-B0CB-49CC-BAEE-155C90C0BA53}.Release|Any CPU.ActiveCfg = Release|Any CPU
		{4FE63812-B0CB-49CC-BAEE-155C90C0BA53}.Release|Any CPU.Build.0 = Release|Any CPU
		{4FE63812-B0CB-49CC-BAEE-155C90C0BA53}.Release|x64.ActiveCfg = Release|Any CPU
		{4FE63812-B0CB-49CC-BAEE-155C90C0BA53}.Release|x64.Build.0 = Release|Any CPU
		{4FE63812-B0CB-49CC-BAEE-155C90C0BA53}.Release|x86.ActiveCfg = Release|Any CPU
		{4FE63812-B0CB-49CC-BAEE-155C90C0BA53}.Release|x86.Build.0 = Release|Any CPU
		{B6B0E123-9C4F-4790-B07E-2370B6567B48}.Debug|Any CPU.ActiveCfg = Debug|Any CPU
		{B6B0E123-9C4F-4790-B07E-2370B6567B48}.Debug|Any CPU.Build.0 = Debug|Any CPU
		{B6B0E123-9C4F-4790-B07E-2370B6567B48}.Debug|x64.ActiveCfg = Debug|Any CPU
		{B6B0E123-9C4F-4790-B07E-2370B6567B48}.Debug|x64.Build.0 = Debug|Any CPU
		{B6B0E123-9C4F-4790-B07E-2370B6567B48}.Debug|x86.ActiveCfg = Debug|Any CPU
		{B6B0E123-9C4F-4790-B07E-2370B6567B48}.Debug|x86.Build.0 = Debug|Any CPU
		{B6B0E123-9C4F-4790-B07E-2370B6567B48}.Release|Any CPU.ActiveCfg = Release|Any CPU
		{B6B0E123-9C4F-4790-B07E-2370B6567B48}.Release|Any CPU.Build.0 = Release|Any CPU
		{B6B0E123-9C4F-4790-B07E-2370B6567B48}.Release|x64.ActiveCfg = Release|Any CPU
		{B6B0E123-9C4F-4790-B07E-2370B6567B48}.Release|x64.Build.0 = Release|Any CPU
		{B6B0E123-9C4F-4790-B07E-2370B6567B48}.Release|x86.ActiveCfg = Release|Any CPU
		{B6B0E123-9C4F-4790-B07E-2370B6567B48}.Release|x86.Build.0 = Release|Any CPU
		{4E62CCC4-FE95-4DA5-8C60-7C21D4CD780C}.Debug|Any CPU.ActiveCfg = Debug|Any CPU
		{4E62CCC4-FE95-4DA5-8C60-7C21D4CD780C}.Debug|Any CPU.Build.0 = Debug|Any CPU
		{4E62CCC4-FE95-4DA5-8C60-7C21D4CD780C}.Debug|x64.ActiveCfg = Debug|Any CPU
		{4E62CCC4-FE95-4DA5-8C60-7C21D4CD780C}.Debug|x64.Build.0 = Debug|Any CPU
		{4E62CCC4-FE95-4DA5-8C60-7C21D4CD780C}.Debug|x86.ActiveCfg = Debug|Any CPU
		{4E62CCC4-FE95-4DA5-8C60-7C21D4CD780C}.Debug|x86.Build.0 = Debug|Any CPU
		{4E62CCC4-FE95-4DA5-8C60-7C21D4CD780C}.Release|Any CPU.ActiveCfg = Release|Any CPU
		{4E62CCC4-FE95-4DA5-8C60-7C21D4CD780C}.Release|Any CPU.Build.0 = Release|Any CPU
		{4E62CCC4-FE95-4DA5-8C60-7C21D4CD780C}.Release|x64.ActiveCfg = Release|Any CPU
		{4E62CCC4-FE95-4DA5-8C60-7C21D4CD780C}.Release|x64.Build.0 = Release|Any CPU
		{4E62CCC4-FE95-4DA5-8C60-7C21D4CD780C}.Release|x86.ActiveCfg = Release|Any CPU
		{4E62CCC4-FE95-4DA5-8C60-7C21D4CD780C}.Release|x86.Build.0 = Release|Any CPU
		{0C77FCBD-BA42-4B9B-9BD9-8F93F197D36E}.Debug|Any CPU.ActiveCfg = Debug|Any CPU
		{0C77FCBD-BA42-4B9B-9BD9-8F93F197D36E}.Debug|Any CPU.Build.0 = Debug|Any CPU
		{0C77FCBD-BA42-4B9B-9BD9-8F93F197D36E}.Debug|x64.ActiveCfg = Debug|Any CPU
		{0C77FCBD-BA42-4B9B-9BD9-8F93F197D36E}.Debug|x64.Build.0 = Debug|Any CPU
		{0C77FCBD-BA42-4B9B-9BD9-8F93F197D36E}.Debug|x86.ActiveCfg = Debug|Any CPU
		{0C77FCBD-BA42-4B9B-9BD9-8F93F197D36E}.Debug|x86.Build.0 = Debug|Any CPU
		{0C77FCBD-BA42-4B9B-9BD9-8F93F197D36E}.Release|Any CPU.ActiveCfg = Release|Any CPU
		{0C77FCBD-BA42-4B9B-9BD9-8F93F197D36E}.Release|Any CPU.Build.0 = Release|Any CPU
		{0C77FCBD-BA42-4B9B-9BD9-8F93F197D36E}.Release|x64.ActiveCfg = Release|Any CPU
		{0C77FCBD-BA42-4B9B-9BD9-8F93F197D36E}.Release|x64.Build.0 = Release|Any CPU
		{0C77FCBD-BA42-4B9B-9BD9-8F93F197D36E}.Release|x86.ActiveCfg = Release|Any CPU
		{0C77FCBD-BA42-4B9B-9BD9-8F93F197D36E}.Release|x86.Build.0 = Release|Any CPU
		{21B6D589-1E1D-463A-89DC-734C9C2F0F05}.Debug|Any CPU.ActiveCfg = Debug|Any CPU
		{21B6D589-1E1D-463A-89DC-734C9C2F0F05}.Debug|Any CPU.Build.0 = Debug|Any CPU
		{21B6D589-1E1D-463A-89DC-734C9C2F0F05}.Debug|x64.ActiveCfg = Debug|Any CPU
		{21B6D589-1E1D-463A-89DC-734C9C2F0F05}.Debug|x64.Build.0 = Debug|Any CPU
		{21B6D589-1E1D-463A-89DC-734C9C2F0F05}.Debug|x86.ActiveCfg = Debug|Any CPU
		{21B6D589-1E1D-463A-89DC-734C9C2F0F05}.Debug|x86.Build.0 = Debug|Any CPU
		{21B6D589-1E1D-463A-89DC-734C9C2F0F05}.Release|Any CPU.ActiveCfg = Release|Any CPU
		{21B6D589-1E1D-463A-89DC-734C9C2F0F05}.Release|Any CPU.Build.0 = Release|Any CPU
		{21B6D589-1E1D-463A-89DC-734C9C2F0F05}.Release|x64.ActiveCfg = Release|Any CPU
		{21B6D589-1E1D-463A-89DC-734C9C2F0F05}.Release|x64.Build.0 = Release|Any CPU
		{21B6D589-1E1D-463A-89DC-734C9C2F0F05}.Release|x86.ActiveCfg = Release|Any CPU
		{21B6D589-1E1D-463A-89DC-734C9C2F0F05}.Release|x86.Build.0 = Release|Any CPU
		{F2684CA9-279A-4B6D-B2BC-E93AFF79D76C}.Debug|Any CPU.ActiveCfg = Debug|Any CPU
		{F2684CA9-279A-4B6D-B2BC-E93AFF79D76C}.Debug|Any CPU.Build.0 = Debug|Any CPU
		{F2684CA9-279A-4B6D-B2BC-E93AFF79D76C}.Debug|x64.ActiveCfg = Debug|Any CPU
		{F2684CA9-279A-4B6D-B2BC-E93AFF79D76C}.Debug|x64.Build.0 = Debug|Any CPU
		{F2684CA9-279A-4B6D-B2BC-E93AFF79D76C}.Debug|x86.ActiveCfg = Debug|Any CPU
		{F2684CA9-279A-4B6D-B2BC-E93AFF79D76C}.Debug|x86.Build.0 = Debug|Any CPU
		{F2684CA9-279A-4B6D-B2BC-E93AFF79D76C}.Release|Any CPU.ActiveCfg = Release|Any CPU
		{F2684CA9-279A-4B6D-B2BC-E93AFF79D76C}.Release|Any CPU.Build.0 = Release|Any CPU
		{F2684CA9-279A-4B6D-B2BC-E93AFF79D76C}.Release|x64.ActiveCfg = Release|Any CPU
		{F2684CA9-279A-4B6D-B2BC-E93AFF79D76C}.Release|x64.Build.0 = Release|Any CPU
		{F2684CA9-279A-4B6D-B2BC-E93AFF79D76C}.Release|x86.ActiveCfg = Release|Any CPU
		{F2684CA9-279A-4B6D-B2BC-E93AFF79D76C}.Release|x86.Build.0 = Release|Any CPU
		{C7A56832-2086-4B73-8484-56B081F0BF0A}.Debug|Any CPU.ActiveCfg = Debug|Any CPU
		{C7A56832-2086-4B73-8484-56B081F0BF0A}.Debug|Any CPU.Build.0 = Debug|Any CPU
		{C7A56832-2086-4B73-8484-56B081F0BF0A}.Debug|x64.ActiveCfg = Debug|Any CPU
		{C7A56832-2086-4B73-8484-56B081F0BF0A}.Debug|x64.Build.0 = Debug|Any CPU
		{C7A56832-2086-4B73-8484-56B081F0BF0A}.Debug|x86.ActiveCfg = Debug|Any CPU
		{C7A56832-2086-4B73-8484-56B081F0BF0A}.Debug|x86.Build.0 = Debug|Any CPU
		{C7A56832-2086-4B73-8484-56B081F0BF0A}.Release|Any CPU.ActiveCfg = Release|Any CPU
		{C7A56832-2086-4B73-8484-56B081F0BF0A}.Release|Any CPU.Build.0 = Release|Any CPU
		{C7A56832-2086-4B73-8484-56B081F0BF0A}.Release|x64.ActiveCfg = Release|Any CPU
		{C7A56832-2086-4B73-8484-56B081F0BF0A}.Release|x64.Build.0 = Release|Any CPU
		{C7A56832-2086-4B73-8484-56B081F0BF0A}.Release|x86.ActiveCfg = Release|Any CPU
		{C7A56832-2086-4B73-8484-56B081F0BF0A}.Release|x86.Build.0 = Release|Any CPU
		{8883D3D7-F031-4F39-BFE0-AC234606A955}.Debug|Any CPU.ActiveCfg = Debug|Any CPU
		{8883D3D7-F031-4F39-BFE0-AC234606A955}.Debug|Any CPU.Build.0 = Debug|Any CPU
		{8883D3D7-F031-4F39-BFE0-AC234606A955}.Debug|x64.ActiveCfg = Debug|Any CPU
		{8883D3D7-F031-4F39-BFE0-AC234606A955}.Debug|x64.Build.0 = Debug|Any CPU
		{8883D3D7-F031-4F39-BFE0-AC234606A955}.Debug|x86.ActiveCfg = Debug|Any CPU
		{8883D3D7-F031-4F39-BFE0-AC234606A955}.Debug|x86.Build.0 = Debug|Any CPU
		{8883D3D7-F031-4F39-BFE0-AC234606A955}.Release|Any CPU.ActiveCfg = Release|Any CPU
		{8883D3D7-F031-4F39-BFE0-AC234606A955}.Release|Any CPU.Build.0 = Release|Any CPU
		{8883D3D7-F031-4F39-BFE0-AC234606A955}.Release|x64.ActiveCfg = Release|Any CPU
		{8883D3D7-F031-4F39-BFE0-AC234606A955}.Release|x64.Build.0 = Release|Any CPU
		{8883D3D7-F031-4F39-BFE0-AC234606A955}.Release|x86.ActiveCfg = Release|Any CPU
		{8883D3D7-F031-4F39-BFE0-AC234606A955}.Release|x86.Build.0 = Release|Any CPU
		{E21B9473-5A68-4B80-9853-C9B5A4B34D71}.Debug|Any CPU.ActiveCfg = Debug|Any CPU
		{E21B9473-5A68-4B80-9853-C9B5A4B34D71}.Debug|Any CPU.Build.0 = Debug|Any CPU
		{E21B9473-5A68-4B80-9853-C9B5A4B34D71}.Debug|x64.ActiveCfg = Debug|Any CPU
		{E21B9473-5A68-4B80-9853-C9B5A4B34D71}.Debug|x64.Build.0 = Debug|Any CPU
		{E21B9473-5A68-4B80-9853-C9B5A4B34D71}.Debug|x86.ActiveCfg = Debug|Any CPU
		{E21B9473-5A68-4B80-9853-C9B5A4B34D71}.Debug|x86.Build.0 = Debug|Any CPU
		{E21B9473-5A68-4B80-9853-C9B5A4B34D71}.Release|Any CPU.ActiveCfg = Release|Any CPU
		{E21B9473-5A68-4B80-9853-C9B5A4B34D71}.Release|Any CPU.Build.0 = Release|Any CPU
		{E21B9473-5A68-4B80-9853-C9B5A4B34D71}.Release|x64.ActiveCfg = Release|Any CPU
		{E21B9473-5A68-4B80-9853-C9B5A4B34D71}.Release|x64.Build.0 = Release|Any CPU
		{E21B9473-5A68-4B80-9853-C9B5A4B34D71}.Release|x86.ActiveCfg = Release|Any CPU
		{E21B9473-5A68-4B80-9853-C9B5A4B34D71}.Release|x86.Build.0 = Release|Any CPU
		{1B56A389-7564-4159-8C1C-37496448EDB0}.Debug|Any CPU.ActiveCfg = Debug|Any CPU
		{1B56A389-7564-4159-8C1C-37496448EDB0}.Debug|Any CPU.Build.0 = Debug|Any CPU
		{1B56A389-7564-4159-8C1C-37496448EDB0}.Debug|x64.ActiveCfg = Debug|Any CPU
		{1B56A389-7564-4159-8C1C-37496448EDB0}.Debug|x64.Build.0 = Debug|Any CPU
		{1B56A389-7564-4159-8C1C-37496448EDB0}.Debug|x86.ActiveCfg = Debug|Any CPU
		{1B56A389-7564-4159-8C1C-37496448EDB0}.Debug|x86.Build.0 = Debug|Any CPU
		{1B56A389-7564-4159-8C1C-37496448EDB0}.Release|Any CPU.ActiveCfg = Release|Any CPU
		{1B56A389-7564-4159-8C1C-37496448EDB0}.Release|Any CPU.Build.0 = Release|Any CPU
		{1B56A389-7564-4159-8C1C-37496448EDB0}.Release|x64.ActiveCfg = Release|Any CPU
		{1B56A389-7564-4159-8C1C-37496448EDB0}.Release|x64.Build.0 = Release|Any CPU
		{1B56A389-7564-4159-8C1C-37496448EDB0}.Release|x86.ActiveCfg = Release|Any CPU
		{1B56A389-7564-4159-8C1C-37496448EDB0}.Release|x86.Build.0 = Release|Any CPU
		{71D0CB5E-BCFA-422E-8CE2-BB7DD153846D}.Debug|Any CPU.ActiveCfg = Debug|Any CPU
		{71D0CB5E-BCFA-422E-8CE2-BB7DD153846D}.Debug|Any CPU.Build.0 = Debug|Any CPU
		{71D0CB5E-BCFA-422E-8CE2-BB7DD153846D}.Debug|x64.ActiveCfg = Debug|Any CPU
		{71D0CB5E-BCFA-422E-8CE2-BB7DD153846D}.Debug|x64.Build.0 = Debug|Any CPU
		{71D0CB5E-BCFA-422E-8CE2-BB7DD153846D}.Debug|x86.ActiveCfg = Debug|Any CPU
		{71D0CB5E-BCFA-422E-8CE2-BB7DD153846D}.Debug|x86.Build.0 = Debug|Any CPU
		{71D0CB5E-BCFA-422E-8CE2-BB7DD153846D}.Release|Any CPU.ActiveCfg = Release|Any CPU
		{71D0CB5E-BCFA-422E-8CE2-BB7DD153846D}.Release|Any CPU.Build.0 = Release|Any CPU
		{71D0CB5E-BCFA-422E-8CE2-BB7DD153846D}.Release|x64.ActiveCfg = Release|Any CPU
		{71D0CB5E-BCFA-422E-8CE2-BB7DD153846D}.Release|x64.Build.0 = Release|Any CPU
		{71D0CB5E-BCFA-422E-8CE2-BB7DD153846D}.Release|x86.ActiveCfg = Release|Any CPU
		{71D0CB5E-BCFA-422E-8CE2-BB7DD153846D}.Release|x86.Build.0 = Release|Any CPU
		{30194E9E-E74F-4776-89AA-E6A47CD82380}.Debug|Any CPU.ActiveCfg = Debug|Any CPU
		{30194E9E-E74F-4776-89AA-E6A47CD82380}.Debug|Any CPU.Build.0 = Debug|Any CPU
		{30194E9E-E74F-4776-89AA-E6A47CD82380}.Debug|x64.ActiveCfg = Debug|Any CPU
		{30194E9E-E74F-4776-89AA-E6A47CD82380}.Debug|x64.Build.0 = Debug|Any CPU
		{30194E9E-E74F-4776-89AA-E6A47CD82380}.Debug|x86.ActiveCfg = Debug|Any CPU
		{30194E9E-E74F-4776-89AA-E6A47CD82380}.Debug|x86.Build.0 = Debug|Any CPU
		{30194E9E-E74F-4776-89AA-E6A47CD82380}.Release|Any CPU.ActiveCfg = Release|Any CPU
		{30194E9E-E74F-4776-89AA-E6A47CD82380}.Release|Any CPU.Build.0 = Release|Any CPU
		{30194E9E-E74F-4776-89AA-E6A47CD82380}.Release|x64.ActiveCfg = Release|Any CPU
		{30194E9E-E74F-4776-89AA-E6A47CD82380}.Release|x64.Build.0 = Release|Any CPU
		{30194E9E-E74F-4776-89AA-E6A47CD82380}.Release|x86.ActiveCfg = Release|Any CPU
		{30194E9E-E74F-4776-89AA-E6A47CD82380}.Release|x86.Build.0 = Release|Any CPU
		{92FC68FF-8EE9-447F-967C-0FB618FA1416}.Debug|Any CPU.ActiveCfg = Debug|Any CPU
		{92FC68FF-8EE9-447F-967C-0FB618FA1416}.Debug|Any CPU.Build.0 = Debug|Any CPU
		{92FC68FF-8EE9-447F-967C-0FB618FA1416}.Debug|x64.ActiveCfg = Debug|Any CPU
		{92FC68FF-8EE9-447F-967C-0FB618FA1416}.Debug|x64.Build.0 = Debug|Any CPU
		{92FC68FF-8EE9-447F-967C-0FB618FA1416}.Debug|x86.ActiveCfg = Debug|Any CPU
		{92FC68FF-8EE9-447F-967C-0FB618FA1416}.Debug|x86.Build.0 = Debug|Any CPU
		{92FC68FF-8EE9-447F-967C-0FB618FA1416}.Release|Any CPU.ActiveCfg = Release|Any CPU
		{92FC68FF-8EE9-447F-967C-0FB618FA1416}.Release|Any CPU.Build.0 = Release|Any CPU
		{92FC68FF-8EE9-447F-967C-0FB618FA1416}.Release|x64.ActiveCfg = Release|Any CPU
		{92FC68FF-8EE9-447F-967C-0FB618FA1416}.Release|x64.Build.0 = Release|Any CPU
		{92FC68FF-8EE9-447F-967C-0FB618FA1416}.Release|x86.ActiveCfg = Release|Any CPU
		{92FC68FF-8EE9-447F-967C-0FB618FA1416}.Release|x86.Build.0 = Release|Any CPU
		{80B5ACF3-21B2-42E7-BFAF-A0186304053A}.Debug|Any CPU.ActiveCfg = Debug|Any CPU
		{80B5ACF3-21B2-42E7-BFAF-A0186304053A}.Debug|Any CPU.Build.0 = Debug|Any CPU
		{80B5ACF3-21B2-42E7-BFAF-A0186304053A}.Debug|x64.ActiveCfg = Debug|Any CPU
		{80B5ACF3-21B2-42E7-BFAF-A0186304053A}.Debug|x64.Build.0 = Debug|Any CPU
		{80B5ACF3-21B2-42E7-BFAF-A0186304053A}.Debug|x86.ActiveCfg = Debug|Any CPU
		{80B5ACF3-21B2-42E7-BFAF-A0186304053A}.Debug|x86.Build.0 = Debug|Any CPU
		{80B5ACF3-21B2-42E7-BFAF-A0186304053A}.Release|Any CPU.ActiveCfg = Release|Any CPU
		{80B5ACF3-21B2-42E7-BFAF-A0186304053A}.Release|Any CPU.Build.0 = Release|Any CPU
		{80B5ACF3-21B2-42E7-BFAF-A0186304053A}.Release|x64.ActiveCfg = Release|Any CPU
		{80B5ACF3-21B2-42E7-BFAF-A0186304053A}.Release|x64.Build.0 = Release|Any CPU
		{80B5ACF3-21B2-42E7-BFAF-A0186304053A}.Release|x86.ActiveCfg = Release|Any CPU
		{80B5ACF3-21B2-42E7-BFAF-A0186304053A}.Release|x86.Build.0 = Release|Any CPU
		{811DC5AC-2228-4148-A2BF-E61B45DDBDE1}.Debug|Any CPU.ActiveCfg = Debug|Any CPU
		{811DC5AC-2228-4148-A2BF-E61B45DDBDE1}.Debug|Any CPU.Build.0 = Debug|Any CPU
		{811DC5AC-2228-4148-A2BF-E61B45DDBDE1}.Debug|x64.ActiveCfg = Debug|Any CPU
		{811DC5AC-2228-4148-A2BF-E61B45DDBDE1}.Debug|x64.Build.0 = Debug|Any CPU
		{811DC5AC-2228-4148-A2BF-E61B45DDBDE1}.Debug|x86.ActiveCfg = Debug|Any CPU
		{811DC5AC-2228-4148-A2BF-E61B45DDBDE1}.Debug|x86.Build.0 = Debug|Any CPU
		{811DC5AC-2228-4148-A2BF-E61B45DDBDE1}.Release|Any CPU.ActiveCfg = Release|Any CPU
		{811DC5AC-2228-4148-A2BF-E61B45DDBDE1}.Release|Any CPU.Build.0 = Release|Any CPU
		{811DC5AC-2228-4148-A2BF-E61B45DDBDE1}.Release|x64.ActiveCfg = Release|Any CPU
		{811DC5AC-2228-4148-A2BF-E61B45DDBDE1}.Release|x64.Build.0 = Release|Any CPU
		{811DC5AC-2228-4148-A2BF-E61B45DDBDE1}.Release|x86.ActiveCfg = Release|Any CPU
		{811DC5AC-2228-4148-A2BF-E61B45DDBDE1}.Release|x86.Build.0 = Release|Any CPU
		{62DD7F91-12C1-4ADA-9B66-7EC4AD178D28}.Debug|Any CPU.ActiveCfg = Debug|Any CPU
		{62DD7F91-12C1-4ADA-9B66-7EC4AD178D28}.Debug|Any CPU.Build.0 = Debug|Any CPU
		{62DD7F91-12C1-4ADA-9B66-7EC4AD178D28}.Debug|x64.ActiveCfg = Debug|Any CPU
		{62DD7F91-12C1-4ADA-9B66-7EC4AD178D28}.Debug|x64.Build.0 = Debug|Any CPU
		{62DD7F91-12C1-4ADA-9B66-7EC4AD178D28}.Debug|x86.ActiveCfg = Debug|Any CPU
		{62DD7F91-12C1-4ADA-9B66-7EC4AD178D28}.Debug|x86.Build.0 = Debug|Any CPU
		{62DD7F91-12C1-4ADA-9B66-7EC4AD178D28}.Release|Any CPU.ActiveCfg = Release|Any CPU
		{62DD7F91-12C1-4ADA-9B66-7EC4AD178D28}.Release|Any CPU.Build.0 = Release|Any CPU
		{62DD7F91-12C1-4ADA-9B66-7EC4AD178D28}.Release|x64.ActiveCfg = Release|Any CPU
		{62DD7F91-12C1-4ADA-9B66-7EC4AD178D28}.Release|x64.Build.0 = Release|Any CPU
		{62DD7F91-12C1-4ADA-9B66-7EC4AD178D28}.Release|x86.ActiveCfg = Release|Any CPU
		{62DD7F91-12C1-4ADA-9B66-7EC4AD178D28}.Release|x86.Build.0 = Release|Any CPU
		{6C16A6B8-D201-46E2-88EB-6D48517C89D3}.Debug|Any CPU.ActiveCfg = Debug|Any CPU
		{6C16A6B8-D201-46E2-88EB-6D48517C89D3}.Debug|Any CPU.Build.0 = Debug|Any CPU
		{6C16A6B8-D201-46E2-88EB-6D48517C89D3}.Debug|x64.ActiveCfg = Debug|Any CPU
		{6C16A6B8-D201-46E2-88EB-6D48517C89D3}.Debug|x64.Build.0 = Debug|Any CPU
		{6C16A6B8-D201-46E2-88EB-6D48517C89D3}.Debug|x86.ActiveCfg = Debug|Any CPU
		{6C16A6B8-D201-46E2-88EB-6D48517C89D3}.Debug|x86.Build.0 = Debug|Any CPU
		{6C16A6B8-D201-46E2-88EB-6D48517C89D3}.Release|Any CPU.ActiveCfg = Release|Any CPU
		{6C16A6B8-D201-46E2-88EB-6D48517C89D3}.Release|Any CPU.Build.0 = Release|Any CPU
		{6C16A6B8-D201-46E2-88EB-6D48517C89D3}.Release|x64.ActiveCfg = Release|Any CPU
		{6C16A6B8-D201-46E2-88EB-6D48517C89D3}.Release|x64.Build.0 = Release|Any CPU
		{6C16A6B8-D201-46E2-88EB-6D48517C89D3}.Release|x86.ActiveCfg = Release|Any CPU
		{6C16A6B8-D201-46E2-88EB-6D48517C89D3}.Release|x86.Build.0 = Release|Any CPU
		{96EDF62C-ACBA-49B4-83BE-1F5B23422A54}.Debug|Any CPU.ActiveCfg = Debug|Any CPU
		{96EDF62C-ACBA-49B4-83BE-1F5B23422A54}.Debug|Any CPU.Build.0 = Debug|Any CPU
		{96EDF62C-ACBA-49B4-83BE-1F5B23422A54}.Debug|x64.ActiveCfg = Debug|Any CPU
		{96EDF62C-ACBA-49B4-83BE-1F5B23422A54}.Debug|x64.Build.0 = Debug|Any CPU
		{96EDF62C-ACBA-49B4-83BE-1F5B23422A54}.Debug|x86.ActiveCfg = Debug|Any CPU
		{96EDF62C-ACBA-49B4-83BE-1F5B23422A54}.Debug|x86.Build.0 = Debug|Any CPU
		{96EDF62C-ACBA-49B4-83BE-1F5B23422A54}.Release|Any CPU.ActiveCfg = Release|Any CPU
		{96EDF62C-ACBA-49B4-83BE-1F5B23422A54}.Release|Any CPU.Build.0 = Release|Any CPU
		{96EDF62C-ACBA-49B4-83BE-1F5B23422A54}.Release|x64.ActiveCfg = Release|Any CPU
		{96EDF62C-ACBA-49B4-83BE-1F5B23422A54}.Release|x64.Build.0 = Release|Any CPU
		{96EDF62C-ACBA-49B4-83BE-1F5B23422A54}.Release|x86.ActiveCfg = Release|Any CPU
		{96EDF62C-ACBA-49B4-83BE-1F5B23422A54}.Release|x86.Build.0 = Release|Any CPU
		{E4919D1C-C1C4-401F-A742-EEAE897FDFEF}.Debug|Any CPU.ActiveCfg = Debug|Any CPU
		{E4919D1C-C1C4-401F-A742-EEAE897FDFEF}.Debug|Any CPU.Build.0 = Debug|Any CPU
		{E4919D1C-C1C4-401F-A742-EEAE897FDFEF}.Debug|x64.ActiveCfg = Debug|Any CPU
		{E4919D1C-C1C4-401F-A742-EEAE897FDFEF}.Debug|x64.Build.0 = Debug|Any CPU
		{E4919D1C-C1C4-401F-A742-EEAE897FDFEF}.Debug|x86.ActiveCfg = Debug|Any CPU
		{E4919D1C-C1C4-401F-A742-EEAE897FDFEF}.Debug|x86.Build.0 = Debug|Any CPU
		{E4919D1C-C1C4-401F-A742-EEAE897FDFEF}.Release|Any CPU.ActiveCfg = Release|Any CPU
		{E4919D1C-C1C4-401F-A742-EEAE897FDFEF}.Release|Any CPU.Build.0 = Release|Any CPU
		{E4919D1C-C1C4-401F-A742-EEAE897FDFEF}.Release|x64.ActiveCfg = Release|Any CPU
		{E4919D1C-C1C4-401F-A742-EEAE897FDFEF}.Release|x64.Build.0 = Release|Any CPU
		{E4919D1C-C1C4-401F-A742-EEAE897FDFEF}.Release|x86.ActiveCfg = Release|Any CPU
		{E4919D1C-C1C4-401F-A742-EEAE897FDFEF}.Release|x86.Build.0 = Release|Any CPU
		{1634E490-BC0B-4A94-BF0A-DA5928EAB6DF}.Debug|Any CPU.ActiveCfg = Debug|Any CPU
		{1634E490-BC0B-4A94-BF0A-DA5928EAB6DF}.Debug|Any CPU.Build.0 = Debug|Any CPU
		{1634E490-BC0B-4A94-BF0A-DA5928EAB6DF}.Debug|x64.ActiveCfg = Debug|Any CPU
		{1634E490-BC0B-4A94-BF0A-DA5928EAB6DF}.Debug|x64.Build.0 = Debug|Any CPU
		{1634E490-BC0B-4A94-BF0A-DA5928EAB6DF}.Debug|x86.ActiveCfg = Debug|Any CPU
		{1634E490-BC0B-4A94-BF0A-DA5928EAB6DF}.Debug|x86.Build.0 = Debug|Any CPU
		{1634E490-BC0B-4A94-BF0A-DA5928EAB6DF}.Release|Any CPU.ActiveCfg = Release|Any CPU
		{1634E490-BC0B-4A94-BF0A-DA5928EAB6DF}.Release|Any CPU.Build.0 = Release|Any CPU
		{1634E490-BC0B-4A94-BF0A-DA5928EAB6DF}.Release|x64.ActiveCfg = Release|Any CPU
		{1634E490-BC0B-4A94-BF0A-DA5928EAB6DF}.Release|x64.Build.0 = Release|Any CPU
		{1634E490-BC0B-4A94-BF0A-DA5928EAB6DF}.Release|x86.ActiveCfg = Release|Any CPU
		{1634E490-BC0B-4A94-BF0A-DA5928EAB6DF}.Release|x86.Build.0 = Release|Any CPU
		{42F13CD9-3868-40AB-885F-C1769C06CB71}.Debug|Any CPU.ActiveCfg = Debug|Any CPU
		{42F13CD9-3868-40AB-885F-C1769C06CB71}.Debug|Any CPU.Build.0 = Debug|Any CPU
		{42F13CD9-3868-40AB-885F-C1769C06CB71}.Debug|x64.ActiveCfg = Debug|Any CPU
		{42F13CD9-3868-40AB-885F-C1769C06CB71}.Debug|x64.Build.0 = Debug|Any CPU
		{42F13CD9-3868-40AB-885F-C1769C06CB71}.Debug|x86.ActiveCfg = Debug|Any CPU
		{42F13CD9-3868-40AB-885F-C1769C06CB71}.Debug|x86.Build.0 = Debug|Any CPU
		{42F13CD9-3868-40AB-885F-C1769C06CB71}.Release|Any CPU.ActiveCfg = Release|Any CPU
		{42F13CD9-3868-40AB-885F-C1769C06CB71}.Release|Any CPU.Build.0 = Release|Any CPU
		{42F13CD9-3868-40AB-885F-C1769C06CB71}.Release|x64.ActiveCfg = Release|Any CPU
		{42F13CD9-3868-40AB-885F-C1769C06CB71}.Release|x64.Build.0 = Release|Any CPU
		{42F13CD9-3868-40AB-885F-C1769C06CB71}.Release|x86.ActiveCfg = Release|Any CPU
		{42F13CD9-3868-40AB-885F-C1769C06CB71}.Release|x86.Build.0 = Release|Any CPU
		{12F2EFD8-0524-406E-880A-C2156A46A16A}.Debug|Any CPU.ActiveCfg = Debug|Any CPU
		{12F2EFD8-0524-406E-880A-C2156A46A16A}.Debug|Any CPU.Build.0 = Debug|Any CPU
		{12F2EFD8-0524-406E-880A-C2156A46A16A}.Debug|x64.ActiveCfg = Debug|Any CPU
		{12F2EFD8-0524-406E-880A-C2156A46A16A}.Debug|x64.Build.0 = Debug|Any CPU
		{12F2EFD8-0524-406E-880A-C2156A46A16A}.Debug|x86.ActiveCfg = Debug|Any CPU
		{12F2EFD8-0524-406E-880A-C2156A46A16A}.Debug|x86.Build.0 = Debug|Any CPU
		{12F2EFD8-0524-406E-880A-C2156A46A16A}.Release|Any CPU.ActiveCfg = Release|Any CPU
		{12F2EFD8-0524-406E-880A-C2156A46A16A}.Release|Any CPU.Build.0 = Release|Any CPU
		{12F2EFD8-0524-406E-880A-C2156A46A16A}.Release|x64.ActiveCfg = Release|Any CPU
		{12F2EFD8-0524-406E-880A-C2156A46A16A}.Release|x64.Build.0 = Release|Any CPU
		{12F2EFD8-0524-406E-880A-C2156A46A16A}.Release|x86.ActiveCfg = Release|Any CPU
		{12F2EFD8-0524-406E-880A-C2156A46A16A}.Release|x86.Build.0 = Release|Any CPU
		{791BC283-EA3E-4156-AD79-AD3F44B28C0E}.Debug|Any CPU.ActiveCfg = Debug|Any CPU
		{791BC283-EA3E-4156-AD79-AD3F44B28C0E}.Debug|Any CPU.Build.0 = Debug|Any CPU
		{791BC283-EA3E-4156-AD79-AD3F44B28C0E}.Debug|x64.ActiveCfg = Debug|Any CPU
		{791BC283-EA3E-4156-AD79-AD3F44B28C0E}.Debug|x64.Build.0 = Debug|Any CPU
		{791BC283-EA3E-4156-AD79-AD3F44B28C0E}.Debug|x86.ActiveCfg = Debug|Any CPU
		{791BC283-EA3E-4156-AD79-AD3F44B28C0E}.Debug|x86.Build.0 = Debug|Any CPU
		{791BC283-EA3E-4156-AD79-AD3F44B28C0E}.Release|Any CPU.ActiveCfg = Release|Any CPU
		{791BC283-EA3E-4156-AD79-AD3F44B28C0E}.Release|Any CPU.Build.0 = Release|Any CPU
		{791BC283-EA3E-4156-AD79-AD3F44B28C0E}.Release|x64.ActiveCfg = Release|Any CPU
		{791BC283-EA3E-4156-AD79-AD3F44B28C0E}.Release|x64.Build.0 = Release|Any CPU
		{791BC283-EA3E-4156-AD79-AD3F44B28C0E}.Release|x86.ActiveCfg = Release|Any CPU
		{791BC283-EA3E-4156-AD79-AD3F44B28C0E}.Release|x86.Build.0 = Release|Any CPU
		{727AF97D-098F-4F09-90BB-43E7FE7B7DF5}.Debug|Any CPU.ActiveCfg = Debug|Any CPU
		{727AF97D-098F-4F09-90BB-43E7FE7B7DF5}.Debug|Any CPU.Build.0 = Debug|Any CPU
		{727AF97D-098F-4F09-90BB-43E7FE7B7DF5}.Debug|x64.ActiveCfg = Debug|Any CPU
		{727AF97D-098F-4F09-90BB-43E7FE7B7DF5}.Debug|x64.Build.0 = Debug|Any CPU
		{727AF97D-098F-4F09-90BB-43E7FE7B7DF5}.Debug|x86.ActiveCfg = Debug|Any CPU
		{727AF97D-098F-4F09-90BB-43E7FE7B7DF5}.Debug|x86.Build.0 = Debug|Any CPU
		{727AF97D-098F-4F09-90BB-43E7FE7B7DF5}.Release|Any CPU.ActiveCfg = Release|Any CPU
		{727AF97D-098F-4F09-90BB-43E7FE7B7DF5}.Release|Any CPU.Build.0 = Release|Any CPU
		{727AF97D-098F-4F09-90BB-43E7FE7B7DF5}.Release|x64.ActiveCfg = Release|Any CPU
		{727AF97D-098F-4F09-90BB-43E7FE7B7DF5}.Release|x64.Build.0 = Release|Any CPU
		{727AF97D-098F-4F09-90BB-43E7FE7B7DF5}.Release|x86.ActiveCfg = Release|Any CPU
		{727AF97D-098F-4F09-90BB-43E7FE7B7DF5}.Release|x86.Build.0 = Release|Any CPU
		{4411C190-C0BD-4D05-B5C4-389B1B052B22}.Debug|Any CPU.ActiveCfg = Debug|Any CPU
		{4411C190-C0BD-4D05-B5C4-389B1B052B22}.Debug|Any CPU.Build.0 = Debug|Any CPU
		{4411C190-C0BD-4D05-B5C4-389B1B052B22}.Debug|x64.ActiveCfg = Debug|Any CPU
		{4411C190-C0BD-4D05-B5C4-389B1B052B22}.Debug|x64.Build.0 = Debug|Any CPU
		{4411C190-C0BD-4D05-B5C4-389B1B052B22}.Debug|x86.ActiveCfg = Debug|Any CPU
		{4411C190-C0BD-4D05-B5C4-389B1B052B22}.Debug|x86.Build.0 = Debug|Any CPU
		{4411C190-C0BD-4D05-B5C4-389B1B052B22}.Release|Any CPU.ActiveCfg = Release|Any CPU
		{4411C190-C0BD-4D05-B5C4-389B1B052B22}.Release|Any CPU.Build.0 = Release|Any CPU
		{4411C190-C0BD-4D05-B5C4-389B1B052B22}.Release|x64.ActiveCfg = Release|Any CPU
		{4411C190-C0BD-4D05-B5C4-389B1B052B22}.Release|x64.Build.0 = Release|Any CPU
		{4411C190-C0BD-4D05-B5C4-389B1B052B22}.Release|x86.ActiveCfg = Release|Any CPU
		{4411C190-C0BD-4D05-B5C4-389B1B052B22}.Release|x86.Build.0 = Release|Any CPU
		{0FA952EE-8845-411C-8DA4-C9CD802F4B1F}.Debug|Any CPU.ActiveCfg = Debug|Any CPU
		{0FA952EE-8845-411C-8DA4-C9CD802F4B1F}.Debug|Any CPU.Build.0 = Debug|Any CPU
		{0FA952EE-8845-411C-8DA4-C9CD802F4B1F}.Debug|x64.ActiveCfg = Debug|Any CPU
		{0FA952EE-8845-411C-8DA4-C9CD802F4B1F}.Debug|x64.Build.0 = Debug|Any CPU
		{0FA952EE-8845-411C-8DA4-C9CD802F4B1F}.Debug|x86.ActiveCfg = Debug|Any CPU
		{0FA952EE-8845-411C-8DA4-C9CD802F4B1F}.Debug|x86.Build.0 = Debug|Any CPU
		{0FA952EE-8845-411C-8DA4-C9CD802F4B1F}.Release|Any CPU.ActiveCfg = Release|Any CPU
		{0FA952EE-8845-411C-8DA4-C9CD802F4B1F}.Release|Any CPU.Build.0 = Release|Any CPU
		{0FA952EE-8845-411C-8DA4-C9CD802F4B1F}.Release|x64.ActiveCfg = Release|Any CPU
		{0FA952EE-8845-411C-8DA4-C9CD802F4B1F}.Release|x64.Build.0 = Release|Any CPU
		{0FA952EE-8845-411C-8DA4-C9CD802F4B1F}.Release|x86.ActiveCfg = Release|Any CPU
		{0FA952EE-8845-411C-8DA4-C9CD802F4B1F}.Release|x86.Build.0 = Release|Any CPU
	EndGlobalSection
	GlobalSection(SolutionProperties) = preSolution
		HideSolutionNode = FALSE
	EndGlobalSection
	GlobalSection(NestedProjects) = preSolution
		{8A630252-2312-450F-9FDB-2D2D6A2FC033} = {BAC9D906-05E2-9CB0-68A0-DE46599E1ECB}
		{B163E045-1E56-44F5-8BF8-CE0B2450667A} = {4E7E3CAD-5BB8-876D-597B-72A4952DFB29}
		{92FDAF53-3A42-4E85-8B7E-4D461647EC81} = {BAC9D906-05E2-9CB0-68A0-DE46599E1ECB}
		{BEAC7CB5-C5A8-4B40-B106-3E4DE8153A53} = {BAC9D906-05E2-9CB0-68A0-DE46599E1ECB}
		{6DF02713-F362-4E08-BE1D-9247B07C60C2} = {BAC9D906-05E2-9CB0-68A0-DE46599E1ECB}
		{838968F6-50F8-467E-836B-FA1E7AFC51C6} = {BAC9D906-05E2-9CB0-68A0-DE46599E1ECB}
		{E29EC3E7-4340-40E3-8120-A71E89CA5913} = {BAC9D906-05E2-9CB0-68A0-DE46599E1ECB}
		{4FE63812-B0CB-49CC-BAEE-155C90C0BA53} = {4E7E3CAD-5BB8-876D-597B-72A4952DFB29}
		{B6B0E123-9C4F-4790-B07E-2370B6567B48} = {36C74856-11FD-F799-5998-64E29466B115}
		{4E62CCC4-FE95-4DA5-8C60-7C21D4CD780C} = {36C74856-11FD-F799-5998-64E29466B115}
		{0C77FCBD-BA42-4B9B-9BD9-8F93F197D36E} = {36C74856-11FD-F799-5998-64E29466B115}
		{21B6D589-1E1D-463A-89DC-734C9C2F0F05} = {844DF7A9-D581-30E7-6548-19735B89BBD1}
		{C7A56832-2086-4B73-8484-56B081F0BF0A} = {36C74856-11FD-F799-5998-64E29466B115}
		{8883D3D7-F031-4F39-BFE0-AC234606A955} = {36C74856-11FD-F799-5998-64E29466B115}
		{E21B9473-5A68-4B80-9853-C9B5A4B34D71} = {4E7E3CAD-5BB8-876D-597B-72A4952DFB29}
		{1B56A389-7564-4159-8C1C-37496448EDB0} = {36C74856-11FD-F799-5998-64E29466B115}
		{71D0CB5E-BCFA-422E-8CE2-BB7DD153846D} = {36C74856-11FD-F799-5998-64E29466B115}
		{30194E9E-E74F-4776-89AA-E6A47CD82380} = {36C74856-11FD-F799-5998-64E29466B115}
		{92FC68FF-8EE9-447F-967C-0FB618FA1416} = {36C74856-11FD-F799-5998-64E29466B115}
		{80B5ACF3-21B2-42E7-BFAF-A0186304053A} = {36C74856-11FD-F799-5998-64E29466B115}
		{811DC5AC-2228-4148-A2BF-E61B45DDBDE1} = {36C74856-11FD-F799-5998-64E29466B115}
		{62DD7F91-12C1-4ADA-9B66-7EC4AD178D28} = {36C74856-11FD-F799-5998-64E29466B115}
		{6C16A6B8-D201-46E2-88EB-6D48517C89D3} = {36C74856-11FD-F799-5998-64E29466B115}
		{96EDF62C-ACBA-49B4-83BE-1F5B23422A54} = {36C74856-11FD-F799-5998-64E29466B115}
		{E4919D1C-C1C4-401F-A742-EEAE897FDFEF} = {36C74856-11FD-F799-5998-64E29466B115}
		{1634E490-BC0B-4A94-BF0A-DA5928EAB6DF} = {36C74856-11FD-F799-5998-64E29466B115}
		{42F13CD9-3868-40AB-885F-C1769C06CB71} = {36C74856-11FD-F799-5998-64E29466B115}
		{12F2EFD8-0524-406E-880A-C2156A46A16A} = {36C74856-11FD-F799-5998-64E29466B115}
		{791BC283-EA3E-4156-AD79-AD3F44B28C0E} = {09C40426-0A8C-53A8-9011-D9AE64F10117}
		{727AF97D-098F-4F09-90BB-43E7FE7B7DF5} = {BAC9D906-05E2-9CB0-68A0-DE46599E1ECB}
		{4411C190-C0BD-4D05-B5C4-389B1B052B22} = {BAC9D906-05E2-9CB0-68A0-DE46599E1ECB}
		{0FA952EE-8845-411C-8DA4-C9CD802F4B1F} = {BAC9D906-05E2-9CB0-68A0-DE46599E1ECB}
	EndGlobalSection
EndGlobal
